// !$*UTF8*$!
{
	archiveVersion = 1;
	classes = {
	};
	objectVersion = 51;
	objects = {

/* Begin PBXBuildFile section */
		21D758F026FFADFE684884BA /* Pods_Cute_T_Stickers_iMessage_Extension.framework in Frameworks */ = {isa = PBXBuildFile; fileRef = 6CF7604EEE8E2FA914561320 /* Pods_Cute_T_Stickers_iMessage_Extension.framework */; };
		3E85681E245163D400D656D4 /* StickerCell.swift in Sources */ = {isa = PBXBuildFile; fileRef = 3E85681D245163D400D656D4 /* StickerCell.swift */; };
		3ED598C12452920900D63341 /* Messages.framework in Frameworks */ = {isa = PBXBuildFile; fileRef = 3ED598C02452920900D63341 /* Messages.framework */; };
		3ED598C42452920900D63341 /* MessagesViewController.swift in Sources */ = {isa = PBXBuildFile; fileRef = 3ED598C32452920900D63341 /* MessagesViewController.swift */; };
		3ED598C72452920900D63341 /* MainInterface.storyboard in Resources */ = {isa = PBXBuildFile; fileRef = 3ED598C52452920900D63341 /* MainInterface.storyboard */; };
		3ED598C92452922C00D63341 /* Assets.xcassets in Resources */ = {isa = PBXBuildFile; fileRef = 3ED598C82452922C00D63341 /* Assets.xcassets */; };
		3ED598CD2452922C00D63341 /* Cute-T Stickers Pack.appex in Embed App Extensions */ = {isa = PBXBuildFile; fileRef = 3ED598BF2452920900D63341 /* Cute-T Stickers Pack.appex */; settings = {ATTRIBUTES = (RemoveHeadersOnCopy, ); }; };
		3ED598D22452BC6300D63341 /* StickerCell.swift in Sources */ = {isa = PBXBuildFile; fileRef = 3E85681D245163D400D656D4 /* StickerCell.swift */; };
		3ED59A8F2452CB0C00D63341 /* Pack_1_19.GIF in Resources */ = {isa = PBXBuildFile; fileRef = 3ED59A252452CB0B00D63341 /* Pack_1_19.GIF */; };
		3ED59A902452CB0C00D63341 /* Pack_1_19.GIF in Resources */ = {isa = PBXBuildFile; fileRef = 3ED59A252452CB0B00D63341 /* Pack_1_19.GIF */; };
		3ED59A912452CB0C00D63341 /* Pack_1_24.GIF in Resources */ = {isa = PBXBuildFile; fileRef = 3ED59A262452CB0B00D63341 /* Pack_1_24.GIF */; };
		3ED59A922452CB0C00D63341 /* Pack_1_24.GIF in Resources */ = {isa = PBXBuildFile; fileRef = 3ED59A262452CB0B00D63341 /* Pack_1_24.GIF */; };
		3ED59A932452CB0C00D63341 /* Pack_1_18.GIF in Resources */ = {isa = PBXBuildFile; fileRef = 3ED59A272452CB0B00D63341 /* Pack_1_18.GIF */; };
		3ED59A942452CB0C00D63341 /* Pack_1_18.GIF in Resources */ = {isa = PBXBuildFile; fileRef = 3ED59A272452CB0B00D63341 /* Pack_1_18.GIF */; };
		3ED59A952452CB0C00D63341 /* Pack_1_20.GIF in Resources */ = {isa = PBXBuildFile; fileRef = 3ED59A282452CB0B00D63341 /* Pack_1_20.GIF */; };
		3ED59A962452CB0C00D63341 /* Pack_1_20.GIF in Resources */ = {isa = PBXBuildFile; fileRef = 3ED59A282452CB0B00D63341 /* Pack_1_20.GIF */; };
		3ED59A972452CB0C00D63341 /* Pack_1_8.GIF in Resources */ = {isa = PBXBuildFile; fileRef = 3ED59A292452CB0B00D63341 /* Pack_1_8.GIF */; };
		3ED59A982452CB0C00D63341 /* Pack_1_8.GIF in Resources */ = {isa = PBXBuildFile; fileRef = 3ED59A292452CB0B00D63341 /* Pack_1_8.GIF */; };
		3ED59A992452CB0C00D63341 /* Pack_1_9.GIF in Resources */ = {isa = PBXBuildFile; fileRef = 3ED59A2A2452CB0B00D63341 /* Pack_1_9.GIF */; };
		3ED59A9A2452CB0C00D63341 /* Pack_1_9.GIF in Resources */ = {isa = PBXBuildFile; fileRef = 3ED59A2A2452CB0B00D63341 /* Pack_1_9.GIF */; };
		3ED59A9B2452CB0C00D63341 /* Pack_1_21.GIF in Resources */ = {isa = PBXBuildFile; fileRef = 3ED59A2B2452CB0B00D63341 /* Pack_1_21.GIF */; };
		3ED59A9C2452CB0C00D63341 /* Pack_1_21.GIF in Resources */ = {isa = PBXBuildFile; fileRef = 3ED59A2B2452CB0B00D63341 /* Pack_1_21.GIF */; };
		3ED59A9D2452CB0C00D63341 /* Pack_1_23.GIF in Resources */ = {isa = PBXBuildFile; fileRef = 3ED59A2C2452CB0B00D63341 /* Pack_1_23.GIF */; };
		3ED59A9E2452CB0C00D63341 /* Pack_1_23.GIF in Resources */ = {isa = PBXBuildFile; fileRef = 3ED59A2C2452CB0B00D63341 /* Pack_1_23.GIF */; };
		3ED59A9F2452CB0C00D63341 /* Pack_1_22.GIF in Resources */ = {isa = PBXBuildFile; fileRef = 3ED59A2D2452CB0B00D63341 /* Pack_1_22.GIF */; };
		3ED59AA02452CB0C00D63341 /* Pack_1_22.GIF in Resources */ = {isa = PBXBuildFile; fileRef = 3ED59A2D2452CB0B00D63341 /* Pack_1_22.GIF */; };
		3ED59AA12452CB0C00D63341 /* Pack_1_13.GIF in Resources */ = {isa = PBXBuildFile; fileRef = 3ED59A2E2452CB0B00D63341 /* Pack_1_13.GIF */; };
		3ED59AA22452CB0C00D63341 /* Pack_1_13.GIF in Resources */ = {isa = PBXBuildFile; fileRef = 3ED59A2E2452CB0B00D63341 /* Pack_1_13.GIF */; };
		3ED59AA32452CB0C00D63341 /* Pack_1_7.GIF in Resources */ = {isa = PBXBuildFile; fileRef = 3ED59A2F2452CB0B00D63341 /* Pack_1_7.GIF */; };
		3ED59AA42452CB0C00D63341 /* Pack_1_7.GIF in Resources */ = {isa = PBXBuildFile; fileRef = 3ED59A2F2452CB0B00D63341 /* Pack_1_7.GIF */; };
		3ED59AA52452CB0C00D63341 /* Pack_1_6.GIF in Resources */ = {isa = PBXBuildFile; fileRef = 3ED59A302452CB0B00D63341 /* Pack_1_6.GIF */; };
		3ED59AA62452CB0C00D63341 /* Pack_1_6.GIF in Resources */ = {isa = PBXBuildFile; fileRef = 3ED59A302452CB0B00D63341 /* Pack_1_6.GIF */; };
		3ED59AA72452CB0C00D63341 /* Pack_1_12.GIF in Resources */ = {isa = PBXBuildFile; fileRef = 3ED59A312452CB0B00D63341 /* Pack_1_12.GIF */; };
		3ED59AA82452CB0C00D63341 /* Pack_1_12.GIF in Resources */ = {isa = PBXBuildFile; fileRef = 3ED59A312452CB0B00D63341 /* Pack_1_12.GIF */; };
		3ED59AA92452CB0C00D63341 /* Pack_1_10.GIF in Resources */ = {isa = PBXBuildFile; fileRef = 3ED59A322452CB0B00D63341 /* Pack_1_10.GIF */; };
		3ED59AAA2452CB0C00D63341 /* Pack_1_10.GIF in Resources */ = {isa = PBXBuildFile; fileRef = 3ED59A322452CB0B00D63341 /* Pack_1_10.GIF */; };
		3ED59AAB2452CB0C00D63341 /* Pack_1_4.GIF in Resources */ = {isa = PBXBuildFile; fileRef = 3ED59A332452CB0B00D63341 /* Pack_1_4.GIF */; };
		3ED59AAC2452CB0C00D63341 /* Pack_1_4.GIF in Resources */ = {isa = PBXBuildFile; fileRef = 3ED59A332452CB0B00D63341 /* Pack_1_4.GIF */; };
		3ED59AAD2452CB0C00D63341 /* Pack_1_5.GIF in Resources */ = {isa = PBXBuildFile; fileRef = 3ED59A342452CB0B00D63341 /* Pack_1_5.GIF */; };
		3ED59AAE2452CB0C00D63341 /* Pack_1_5.GIF in Resources */ = {isa = PBXBuildFile; fileRef = 3ED59A342452CB0B00D63341 /* Pack_1_5.GIF */; };
		3ED59AAF2452CB0C00D63341 /* Pack_1_11.GIF in Resources */ = {isa = PBXBuildFile; fileRef = 3ED59A352452CB0B00D63341 /* Pack_1_11.GIF */; };
		3ED59AB02452CB0C00D63341 /* Pack_1_11.GIF in Resources */ = {isa = PBXBuildFile; fileRef = 3ED59A352452CB0B00D63341 /* Pack_1_11.GIF */; };
		3ED59AB12452CB0C00D63341 /* Pack_1_15.GIF in Resources */ = {isa = PBXBuildFile; fileRef = 3ED59A362452CB0B00D63341 /* Pack_1_15.GIF */; };
		3ED59AB22452CB0C00D63341 /* Pack_1_15.GIF in Resources */ = {isa = PBXBuildFile; fileRef = 3ED59A362452CB0B00D63341 /* Pack_1_15.GIF */; };
		3ED59AB32452CB0C00D63341 /* Pack_1_1.GIF in Resources */ = {isa = PBXBuildFile; fileRef = 3ED59A372452CB0B00D63341 /* Pack_1_1.GIF */; };
		3ED59AB42452CB0C00D63341 /* Pack_1_1.GIF in Resources */ = {isa = PBXBuildFile; fileRef = 3ED59A372452CB0B00D63341 /* Pack_1_1.GIF */; };
		3ED59AB52452CB0C00D63341 /* Pack_1_14.GIF in Resources */ = {isa = PBXBuildFile; fileRef = 3ED59A382452CB0B00D63341 /* Pack_1_14.GIF */; };
		3ED59AB62452CB0C00D63341 /* Pack_1_14.GIF in Resources */ = {isa = PBXBuildFile; fileRef = 3ED59A382452CB0B00D63341 /* Pack_1_14.GIF */; };
		3ED59AB72452CB0C00D63341 /* Pack_1_16.GIF in Resources */ = {isa = PBXBuildFile; fileRef = 3ED59A392452CB0B00D63341 /* Pack_1_16.GIF */; };
		3ED59AB82452CB0D00D63341 /* Pack_1_16.GIF in Resources */ = {isa = PBXBuildFile; fileRef = 3ED59A392452CB0B00D63341 /* Pack_1_16.GIF */; };
		3ED59AB92452CB0D00D63341 /* Pack_1_2.GIF in Resources */ = {isa = PBXBuildFile; fileRef = 3ED59A3A2452CB0B00D63341 /* Pack_1_2.GIF */; };
		3ED59ABA2452CB0D00D63341 /* Pack_1_2.GIF in Resources */ = {isa = PBXBuildFile; fileRef = 3ED59A3A2452CB0B00D63341 /* Pack_1_2.GIF */; };
		3ED59ABB2452CB0D00D63341 /* Pack_1_3.GIF in Resources */ = {isa = PBXBuildFile; fileRef = 3ED59A3B2452CB0B00D63341 /* Pack_1_3.GIF */; };
		3ED59ABC2452CB0D00D63341 /* Pack_1_3.GIF in Resources */ = {isa = PBXBuildFile; fileRef = 3ED59A3B2452CB0B00D63341 /* Pack_1_3.GIF */; };
		3ED59ABD2452CB0D00D63341 /* Pack_1_17.GIF in Resources */ = {isa = PBXBuildFile; fileRef = 3ED59A3C2452CB0B00D63341 /* Pack_1_17.GIF */; };
		3ED59ABE2452CB0D00D63341 /* Pack_1_17.GIF in Resources */ = {isa = PBXBuildFile; fileRef = 3ED59A3C2452CB0B00D63341 /* Pack_1_17.GIF */; };
		3ED59ABF2452CB0D00D63341 /* Pack_2_6.PNG in Resources */ = {isa = PBXBuildFile; fileRef = 3ED59A3E2452CB0B00D63341 /* Pack_2_6.PNG */; };
		3ED59AC02452CB0D00D63341 /* Pack_2_6.PNG in Resources */ = {isa = PBXBuildFile; fileRef = 3ED59A3E2452CB0B00D63341 /* Pack_2_6.PNG */; };
		3ED59AC12452CB0D00D63341 /* Pack_2_21.PNG in Resources */ = {isa = PBXBuildFile; fileRef = 3ED59A3F2452CB0B00D63341 /* Pack_2_21.PNG */; };
		3ED59AC22452CB0D00D63341 /* Pack_2_21.PNG in Resources */ = {isa = PBXBuildFile; fileRef = 3ED59A3F2452CB0B00D63341 /* Pack_2_21.PNG */; };
		3ED59AC32452CB0D00D63341 /* Pack_2_20.PNG in Resources */ = {isa = PBXBuildFile; fileRef = 3ED59A402452CB0B00D63341 /* Pack_2_20.PNG */; };
		3ED59AC42452CB0D00D63341 /* Pack_2_20.PNG in Resources */ = {isa = PBXBuildFile; fileRef = 3ED59A402452CB0B00D63341 /* Pack_2_20.PNG */; };
		3ED59AC52452CB0D00D63341 /* Pack_2_7.PNG in Resources */ = {isa = PBXBuildFile; fileRef = 3ED59A412452CB0B00D63341 /* Pack_2_7.PNG */; };
		3ED59AC62452CB0D00D63341 /* Pack_2_7.PNG in Resources */ = {isa = PBXBuildFile; fileRef = 3ED59A412452CB0B00D63341 /* Pack_2_7.PNG */; };
		3ED59AC72452CB0D00D63341 /* Pack_2_5.PNG in Resources */ = {isa = PBXBuildFile; fileRef = 3ED59A422452CB0B00D63341 /* Pack_2_5.PNG */; };
		3ED59AC82452CB0D00D63341 /* Pack_2_5.PNG in Resources */ = {isa = PBXBuildFile; fileRef = 3ED59A422452CB0B00D63341 /* Pack_2_5.PNG */; };
		3ED59AC92452CB0D00D63341 /* Pack_2_22.PNG in Resources */ = {isa = PBXBuildFile; fileRef = 3ED59A432452CB0B00D63341 /* Pack_2_22.PNG */; };
		3ED59ACA2452CB0D00D63341 /* Pack_2_22.PNG in Resources */ = {isa = PBXBuildFile; fileRef = 3ED59A432452CB0B00D63341 /* Pack_2_22.PNG */; };
		3ED59ACB2452CB0D00D63341 /* Pack_2_23.PNG in Resources */ = {isa = PBXBuildFile; fileRef = 3ED59A442452CB0B00D63341 /* Pack_2_23.PNG */; };
		3ED59ACC2452CB0D00D63341 /* Pack_2_23.PNG in Resources */ = {isa = PBXBuildFile; fileRef = 3ED59A442452CB0B00D63341 /* Pack_2_23.PNG */; };
		3ED59ACD2452CB0D00D63341 /* Pack_2_4.PNG in Resources */ = {isa = PBXBuildFile; fileRef = 3ED59A452452CB0B00D63341 /* Pack_2_4.PNG */; };
		3ED59ACE2452CB0D00D63341 /* Pack_2_4.PNG in Resources */ = {isa = PBXBuildFile; fileRef = 3ED59A452452CB0B00D63341 /* Pack_2_4.PNG */; };
		3ED59ACF2452CB0D00D63341 /* Pack_2_1.PNG in Resources */ = {isa = PBXBuildFile; fileRef = 3ED59A462452CB0B00D63341 /* Pack_2_1.PNG */; };
		3ED59AD02452CB0D00D63341 /* Pack_2_1.PNG in Resources */ = {isa = PBXBuildFile; fileRef = 3ED59A462452CB0B00D63341 /* Pack_2_1.PNG */; };
		3ED59AD12452CB0D00D63341 /* Pack_2_3.PNG in Resources */ = {isa = PBXBuildFile; fileRef = 3ED59A472452CB0B00D63341 /* Pack_2_3.PNG */; };
		3ED59AD22452CB0D00D63341 /* Pack_2_3.PNG in Resources */ = {isa = PBXBuildFile; fileRef = 3ED59A472452CB0B00D63341 /* Pack_2_3.PNG */; };
		3ED59AD32452CB0D00D63341 /* Pack_2_18.PNG in Resources */ = {isa = PBXBuildFile; fileRef = 3ED59A482452CB0B00D63341 /* Pack_2_18.PNG */; };
		3ED59AD42452CB0D00D63341 /* Pack_2_18.PNG in Resources */ = {isa = PBXBuildFile; fileRef = 3ED59A482452CB0B00D63341 /* Pack_2_18.PNG */; };
		3ED59AD52452CB0D00D63341 /* Pack_2_24.PNG in Resources */ = {isa = PBXBuildFile; fileRef = 3ED59A492452CB0B00D63341 /* Pack_2_24.PNG */; };
		3ED59AD62452CB0D00D63341 /* Pack_2_24.PNG in Resources */ = {isa = PBXBuildFile; fileRef = 3ED59A492452CB0B00D63341 /* Pack_2_24.PNG */; };
		3ED59AD72452CB0D00D63341 /* Pack_2_19.PNG in Resources */ = {isa = PBXBuildFile; fileRef = 3ED59A4A2452CB0B00D63341 /* Pack_2_19.PNG */; };
		3ED59AD82452CB0D00D63341 /* Pack_2_19.PNG in Resources */ = {isa = PBXBuildFile; fileRef = 3ED59A4A2452CB0B00D63341 /* Pack_2_19.PNG */; };
		3ED59AD92452CB0D00D63341 /* Pack_2_2.PNG in Resources */ = {isa = PBXBuildFile; fileRef = 3ED59A4B2452CB0B00D63341 /* Pack_2_2.PNG */; };
		3ED59ADA2452CB0D00D63341 /* Pack_2_2.PNG in Resources */ = {isa = PBXBuildFile; fileRef = 3ED59A4B2452CB0B00D63341 /* Pack_2_2.PNG */; };
		3ED59ADB2452CB0D00D63341 /* Pack_2_14.PNG in Resources */ = {isa = PBXBuildFile; fileRef = 3ED59A4C2452CB0B00D63341 /* Pack_2_14.PNG */; };
		3ED59ADC2452CB0D00D63341 /* Pack_2_14.PNG in Resources */ = {isa = PBXBuildFile; fileRef = 3ED59A4C2452CB0B00D63341 /* Pack_2_14.PNG */; };
		3ED59ADD2452CB0D00D63341 /* Pack_2_15.PNG in Resources */ = {isa = PBXBuildFile; fileRef = 3ED59A4D2452CB0B00D63341 /* Pack_2_15.PNG */; };
		3ED59ADE2452CB0D00D63341 /* Pack_2_15.PNG in Resources */ = {isa = PBXBuildFile; fileRef = 3ED59A4D2452CB0B00D63341 /* Pack_2_15.PNG */; };
		3ED59ADF2452CB0D00D63341 /* Pack_2_17.PNG in Resources */ = {isa = PBXBuildFile; fileRef = 3ED59A4E2452CB0B00D63341 /* Pack_2_17.PNG */; };
		3ED59AE02452CB0D00D63341 /* Pack_2_17.PNG in Resources */ = {isa = PBXBuildFile; fileRef = 3ED59A4E2452CB0B00D63341 /* Pack_2_17.PNG */; };
		3ED59AE12452CB0D00D63341 /* Pack_2_16.PNG in Resources */ = {isa = PBXBuildFile; fileRef = 3ED59A4F2452CB0B00D63341 /* Pack_2_16.PNG */; };
		3ED59AE22452CB0E00D63341 /* Pack_2_16.PNG in Resources */ = {isa = PBXBuildFile; fileRef = 3ED59A4F2452CB0B00D63341 /* Pack_2_16.PNG */; };
		3ED59AE32452CB0E00D63341 /* Pack_2_9.PNG in Resources */ = {isa = PBXBuildFile; fileRef = 3ED59A502452CB0B00D63341 /* Pack_2_9.PNG */; };
		3ED59AE42452CB0E00D63341 /* Pack_2_9.PNG in Resources */ = {isa = PBXBuildFile; fileRef = 3ED59A502452CB0B00D63341 /* Pack_2_9.PNG */; };
		3ED59AE52452CB0E00D63341 /* Pack_2_12.PNG in Resources */ = {isa = PBXBuildFile; fileRef = 3ED59A512452CB0B00D63341 /* Pack_2_12.PNG */; };
		3ED59AE62452CB0E00D63341 /* Pack_2_12.PNG in Resources */ = {isa = PBXBuildFile; fileRef = 3ED59A512452CB0B00D63341 /* Pack_2_12.PNG */; };
		3ED59AE72452CB0E00D63341 /* Pack_2_13.PNG in Resources */ = {isa = PBXBuildFile; fileRef = 3ED59A522452CB0B00D63341 /* Pack_2_13.PNG */; };
		3ED59AE82452CB0E00D63341 /* Pack_2_13.PNG in Resources */ = {isa = PBXBuildFile; fileRef = 3ED59A522452CB0B00D63341 /* Pack_2_13.PNG */; };
		3ED59AE92452CB0E00D63341 /* Pack_2_8.PNG in Resources */ = {isa = PBXBuildFile; fileRef = 3ED59A532452CB0B00D63341 /* Pack_2_8.PNG */; };
		3ED59AEA2452CB0E00D63341 /* Pack_2_8.PNG in Resources */ = {isa = PBXBuildFile; fileRef = 3ED59A532452CB0B00D63341 /* Pack_2_8.PNG */; };
		3ED59AEB2452CB0E00D63341 /* Pack_2_11.PNG in Resources */ = {isa = PBXBuildFile; fileRef = 3ED59A542452CB0B00D63341 /* Pack_2_11.PNG */; };
		3ED59AEC2452CB0E00D63341 /* Pack_2_11.PNG in Resources */ = {isa = PBXBuildFile; fileRef = 3ED59A542452CB0B00D63341 /* Pack_2_11.PNG */; };
		3ED59AED2452CB0E00D63341 /* Pack_2_10.PNG in Resources */ = {isa = PBXBuildFile; fileRef = 3ED59A552452CB0B00D63341 /* Pack_2_10.PNG */; };
		3ED59AEE2452CB0E00D63341 /* Pack_2_10.PNG in Resources */ = {isa = PBXBuildFile; fileRef = 3ED59A552452CB0B00D63341 /* Pack_2_10.PNG */; };
		3ED59AEF2452CB0E00D63341 /* Pack_5_21.GIF in Resources */ = {isa = PBXBuildFile; fileRef = 3ED59A572452CB0B00D63341 /* Pack_5_21.GIF */; };
		3ED59AF02452CB0E00D63341 /* Pack_5_21.GIF in Resources */ = {isa = PBXBuildFile; fileRef = 3ED59A572452CB0B00D63341 /* Pack_5_21.GIF */; };
		3ED59AF12452CB0E00D63341 /* Pack_5_20.GIF in Resources */ = {isa = PBXBuildFile; fileRef = 3ED59A582452CB0B00D63341 /* Pack_5_20.GIF */; };
		3ED59AF22452CB0E00D63341 /* Pack_5_20.GIF in Resources */ = {isa = PBXBuildFile; fileRef = 3ED59A582452CB0B00D63341 /* Pack_5_20.GIF */; };
		3ED59AF32452CB0E00D63341 /* Pack_5_22.GIF in Resources */ = {isa = PBXBuildFile; fileRef = 3ED59A592452CB0B00D63341 /* Pack_5_22.GIF */; };
		3ED59AF42452CB0E00D63341 /* Pack_5_22.GIF in Resources */ = {isa = PBXBuildFile; fileRef = 3ED59A592452CB0B00D63341 /* Pack_5_22.GIF */; };
		3ED59AF52452CB0E00D63341 /* Pack_5_23.GIF in Resources */ = {isa = PBXBuildFile; fileRef = 3ED59A5A2452CB0B00D63341 /* Pack_5_23.GIF */; };
		3ED59AF62452CB0E00D63341 /* Pack_5_23.GIF in Resources */ = {isa = PBXBuildFile; fileRef = 3ED59A5A2452CB0B00D63341 /* Pack_5_23.GIF */; };
		3ED59AF72452CB0E00D63341 /* Pack_5_24.GIF in Resources */ = {isa = PBXBuildFile; fileRef = 3ED59A5B2452CB0B00D63341 /* Pack_5_24.GIF */; };
		3ED59AF82452CB0E00D63341 /* Pack_5_24.GIF in Resources */ = {isa = PBXBuildFile; fileRef = 3ED59A5B2452CB0B00D63341 /* Pack_5_24.GIF */; };
		3ED59AF92452CB0E00D63341 /* Pack_5_18.GIF in Resources */ = {isa = PBXBuildFile; fileRef = 3ED59A5C2452CB0B00D63341 /* Pack_5_18.GIF */; };
		3ED59AFA2452CB0E00D63341 /* Pack_5_18.GIF in Resources */ = {isa = PBXBuildFile; fileRef = 3ED59A5C2452CB0B00D63341 /* Pack_5_18.GIF */; };
		3ED59AFB2452CB0E00D63341 /* Pack_5_19.GIF in Resources */ = {isa = PBXBuildFile; fileRef = 3ED59A5D2452CB0B00D63341 /* Pack_5_19.GIF */; };
		3ED59AFC2452CB0E00D63341 /* Pack_5_19.GIF in Resources */ = {isa = PBXBuildFile; fileRef = 3ED59A5D2452CB0B00D63341 /* Pack_5_19.GIF */; };
		3ED59AFD2452CB0E00D63341 /* Pack_5_9.GIF in Resources */ = {isa = PBXBuildFile; fileRef = 3ED59A5E2452CB0B00D63341 /* Pack_5_9.GIF */; };
		3ED59AFE2452CB0E00D63341 /* Pack_5_9.GIF in Resources */ = {isa = PBXBuildFile; fileRef = 3ED59A5E2452CB0B00D63341 /* Pack_5_9.GIF */; };
		3ED59AFF2452CB0E00D63341 /* Pack_5_8.GIF in Resources */ = {isa = PBXBuildFile; fileRef = 3ED59A5F2452CB0B00D63341 /* Pack_5_8.GIF */; };
		3ED59B002452CB0E00D63341 /* Pack_5_8.GIF in Resources */ = {isa = PBXBuildFile; fileRef = 3ED59A5F2452CB0B00D63341 /* Pack_5_8.GIF */; };
		3ED59B012452CB0E00D63341 /* Pack_5_3.GIF in Resources */ = {isa = PBXBuildFile; fileRef = 3ED59A602452CB0B00D63341 /* Pack_5_3.GIF */; };
		3ED59B022452CB0E00D63341 /* Pack_5_3.GIF in Resources */ = {isa = PBXBuildFile; fileRef = 3ED59A602452CB0B00D63341 /* Pack_5_3.GIF */; };
		3ED59B032452CB0E00D63341 /* Pack_5_2.GIF in Resources */ = {isa = PBXBuildFile; fileRef = 3ED59A612452CB0B00D63341 /* Pack_5_2.GIF */; };
		3ED59B042452CB0E00D63341 /* Pack_5_2.GIF in Resources */ = {isa = PBXBuildFile; fileRef = 3ED59A612452CB0B00D63341 /* Pack_5_2.GIF */; };
		3ED59B052452CB0E00D63341 /* Pack_5_1.GIF in Resources */ = {isa = PBXBuildFile; fileRef = 3ED59A622452CB0B00D63341 /* Pack_5_1.GIF */; };
		3ED59B062452CB0E00D63341 /* Pack_5_1.GIF in Resources */ = {isa = PBXBuildFile; fileRef = 3ED59A622452CB0B00D63341 /* Pack_5_1.GIF */; };
		3ED59B072452CB0E00D63341 /* Pack_5_5.GIF in Resources */ = {isa = PBXBuildFile; fileRef = 3ED59A632452CB0B00D63341 /* Pack_5_5.GIF */; };
		3ED59B082452CB0E00D63341 /* Pack_5_5.GIF in Resources */ = {isa = PBXBuildFile; fileRef = 3ED59A632452CB0B00D63341 /* Pack_5_5.GIF */; };
		3ED59B092452CB0E00D63341 /* Pack_5_4.GIF in Resources */ = {isa = PBXBuildFile; fileRef = 3ED59A642452CB0B00D63341 /* Pack_5_4.GIF */; };
		3ED59B0A2452CB0E00D63341 /* Pack_5_4.GIF in Resources */ = {isa = PBXBuildFile; fileRef = 3ED59A642452CB0B00D63341 /* Pack_5_4.GIF */; };
		3ED59B0B2452CB0E00D63341 /* Pack_5_6.GIF in Resources */ = {isa = PBXBuildFile; fileRef = 3ED59A652452CB0B00D63341 /* Pack_5_6.GIF */; };
		3ED59B0C2452CB0E00D63341 /* Pack_5_6.GIF in Resources */ = {isa = PBXBuildFile; fileRef = 3ED59A652452CB0B00D63341 /* Pack_5_6.GIF */; };
		3ED59B0D2452CB0E00D63341 /* Pack_5_7.GIF in Resources */ = {isa = PBXBuildFile; fileRef = 3ED59A662452CB0B00D63341 /* Pack_5_7.GIF */; };
		3ED59B0E2452CB0E00D63341 /* Pack_5_7.GIF in Resources */ = {isa = PBXBuildFile; fileRef = 3ED59A662452CB0B00D63341 /* Pack_5_7.GIF */; };
		3ED59B0F2452CB0F00D63341 /* Pack_5_14.GIF in Resources */ = {isa = PBXBuildFile; fileRef = 3ED59A672452CB0B00D63341 /* Pack_5_14.GIF */; };
		3ED59B102452CB0F00D63341 /* Pack_5_14.GIF in Resources */ = {isa = PBXBuildFile; fileRef = 3ED59A672452CB0B00D63341 /* Pack_5_14.GIF */; };
		3ED59B112452CB0F00D63341 /* Pack_5_15.GIF in Resources */ = {isa = PBXBuildFile; fileRef = 3ED59A682452CB0B00D63341 /* Pack_5_15.GIF */; };
		3ED59B122452CB0F00D63341 /* Pack_5_15.GIF in Resources */ = {isa = PBXBuildFile; fileRef = 3ED59A682452CB0B00D63341 /* Pack_5_15.GIF */; };
		3ED59B132452CB0F00D63341 /* Pack_5_17.GIF in Resources */ = {isa = PBXBuildFile; fileRef = 3ED59A692452CB0B00D63341 /* Pack_5_17.GIF */; };
		3ED59B142452CB0F00D63341 /* Pack_5_17.GIF in Resources */ = {isa = PBXBuildFile; fileRef = 3ED59A692452CB0B00D63341 /* Pack_5_17.GIF */; };
		3ED59B152452CB0F00D63341 /* Pack_5_16.GIF in Resources */ = {isa = PBXBuildFile; fileRef = 3ED59A6A2452CB0B00D63341 /* Pack_5_16.GIF */; };
		3ED59B162452CB0F00D63341 /* Pack_5_16.GIF in Resources */ = {isa = PBXBuildFile; fileRef = 3ED59A6A2452CB0B00D63341 /* Pack_5_16.GIF */; };
		3ED59B172452CB0F00D63341 /* Pack_5_12.GIF in Resources */ = {isa = PBXBuildFile; fileRef = 3ED59A6B2452CB0B00D63341 /* Pack_5_12.GIF */; };
		3ED59B182452CB0F00D63341 /* Pack_5_12.GIF in Resources */ = {isa = PBXBuildFile; fileRef = 3ED59A6B2452CB0B00D63341 /* Pack_5_12.GIF */; };
		3ED59B192452CB0F00D63341 /* Pack_5_13.GIF in Resources */ = {isa = PBXBuildFile; fileRef = 3ED59A6C2452CB0B00D63341 /* Pack_5_13.GIF */; };
		3ED59B1A2452CB0F00D63341 /* Pack_5_13.GIF in Resources */ = {isa = PBXBuildFile; fileRef = 3ED59A6C2452CB0B00D63341 /* Pack_5_13.GIF */; };
		3ED59B1B2452CB0F00D63341 /* Pack_5_11.GIF in Resources */ = {isa = PBXBuildFile; fileRef = 3ED59A6D2452CB0B00D63341 /* Pack_5_11.GIF */; };
		3ED59B1C2452CB0F00D63341 /* Pack_5_11.GIF in Resources */ = {isa = PBXBuildFile; fileRef = 3ED59A6D2452CB0B00D63341 /* Pack_5_11.GIF */; };
		3ED59B1D2452CB0F00D63341 /* Pack_5_10.GIF in Resources */ = {isa = PBXBuildFile; fileRef = 3ED59A6E2452CB0B00D63341 /* Pack_5_10.GIF */; };
		3ED59B1E2452CB0F00D63341 /* Pack_5_10.GIF in Resources */ = {isa = PBXBuildFile; fileRef = 3ED59A6E2452CB0B00D63341 /* Pack_5_10.GIF */; };
		3ED59B1F2452CB0F00D63341 /* Pack_4_9.GIF in Resources */ = {isa = PBXBuildFile; fileRef = 3ED59A702452CB0B00D63341 /* Pack_4_9.GIF */; };
		3ED59B202452CB0F00D63341 /* Pack_4_9.GIF in Resources */ = {isa = PBXBuildFile; fileRef = 3ED59A702452CB0B00D63341 /* Pack_4_9.GIF */; };
		3ED59B212452CB0F00D63341 /* Pack_4_8.GIF in Resources */ = {isa = PBXBuildFile; fileRef = 3ED59A712452CB0B00D63341 /* Pack_4_8.GIF */; };
		3ED59B222452CB0F00D63341 /* Pack_4_8.GIF in Resources */ = {isa = PBXBuildFile; fileRef = 3ED59A712452CB0B00D63341 /* Pack_4_8.GIF */; };
		3ED59B232452CB0F00D63341 /* Pack_4_10.GIF in Resources */ = {isa = PBXBuildFile; fileRef = 3ED59A722452CB0B00D63341 /* Pack_4_10.GIF */; };
		3ED59B242452CB0F00D63341 /* Pack_4_10.GIF in Resources */ = {isa = PBXBuildFile; fileRef = 3ED59A722452CB0B00D63341 /* Pack_4_10.GIF */; };
		3ED59B252452CB0F00D63341 /* Pack_4_11.GIF in Resources */ = {isa = PBXBuildFile; fileRef = 3ED59A732452CB0B00D63341 /* Pack_4_11.GIF */; };
		3ED59B262452CB0F00D63341 /* Pack_4_11.GIF in Resources */ = {isa = PBXBuildFile; fileRef = 3ED59A732452CB0B00D63341 /* Pack_4_11.GIF */; };
		3ED59B272452CB0F00D63341 /* Pack_4_12.GIF in Resources */ = {isa = PBXBuildFile; fileRef = 3ED59A742452CB0B00D63341 /* Pack_4_12.GIF */; };
		3ED59B282452CB0F00D63341 /* Pack_4_12.GIF in Resources */ = {isa = PBXBuildFile; fileRef = 3ED59A742452CB0B00D63341 /* Pack_4_12.GIF */; };
		3ED59B292452CB0F00D63341 /* Pack_4_1.GIF in Resources */ = {isa = PBXBuildFile; fileRef = 3ED59A752452CB0B00D63341 /* Pack_4_1.GIF */; };
		3ED59B2A2452CB0F00D63341 /* Pack_4_1.GIF in Resources */ = {isa = PBXBuildFile; fileRef = 3ED59A752452CB0B00D63341 /* Pack_4_1.GIF */; };
		3ED59B2B2452CB0F00D63341 /* Pack_4_3.GIF in Resources */ = {isa = PBXBuildFile; fileRef = 3ED59A762452CB0B00D63341 /* Pack_4_3.GIF */; };
		3ED59B2C2452CB0F00D63341 /* Pack_4_3.GIF in Resources */ = {isa = PBXBuildFile; fileRef = 3ED59A762452CB0B00D63341 /* Pack_4_3.GIF */; };
		3ED59B2D2452CB0F00D63341 /* Pack_4_2.GIF in Resources */ = {isa = PBXBuildFile; fileRef = 3ED59A772452CB0B00D63341 /* Pack_4_2.GIF */; };
		3ED59B2E2452CB0F00D63341 /* Pack_4_2.GIF in Resources */ = {isa = PBXBuildFile; fileRef = 3ED59A772452CB0B00D63341 /* Pack_4_2.GIF */; };
		3ED59B2F2452CB0F00D63341 /* Pack_4_6.GIF in Resources */ = {isa = PBXBuildFile; fileRef = 3ED59A782452CB0B00D63341 /* Pack_4_6.GIF */; };
		3ED59B302452CB0F00D63341 /* Pack_4_6.GIF in Resources */ = {isa = PBXBuildFile; fileRef = 3ED59A782452CB0B00D63341 /* Pack_4_6.GIF */; };
		3ED59B312452CB0F00D63341 /* Pack_4_7.GIF in Resources */ = {isa = PBXBuildFile; fileRef = 3ED59A792452CB0B00D63341 /* Pack_4_7.GIF */; };
		3ED59B322452CB0F00D63341 /* Pack_4_7.GIF in Resources */ = {isa = PBXBuildFile; fileRef = 3ED59A792452CB0B00D63341 /* Pack_4_7.GIF */; };
		3ED59B332452CB0F00D63341 /* Pack_4_5.GIF in Resources */ = {isa = PBXBuildFile; fileRef = 3ED59A7A2452CB0B00D63341 /* Pack_4_5.GIF */; };
		3ED59B342452CB0F00D63341 /* Pack_4_5.GIF in Resources */ = {isa = PBXBuildFile; fileRef = 3ED59A7A2452CB0B00D63341 /* Pack_4_5.GIF */; };
		3ED59B352452CB0F00D63341 /* Pack_4_4.GIF in Resources */ = {isa = PBXBuildFile; fileRef = 3ED59A7B2452CB0B00D63341 /* Pack_4_4.GIF */; };
		3ED59B362452CB0F00D63341 /* Pack_4_4.GIF in Resources */ = {isa = PBXBuildFile; fileRef = 3ED59A7B2452CB0B00D63341 /* Pack_4_4.GIF */; };
		3ED59B372452CB0F00D63341 /* Pack_3_18.GIF in Resources */ = {isa = PBXBuildFile; fileRef = 3ED59A7D2452CB0B00D63341 /* Pack_3_18.GIF */; };
		3ED59B382452CB0F00D63341 /* Pack_3_18.GIF in Resources */ = {isa = PBXBuildFile; fileRef = 3ED59A7D2452CB0B00D63341 /* Pack_3_18.GIF */; };
		3ED59B392452CB0F00D63341 /* Pack_3_9.GIF in Resources */ = {isa = PBXBuildFile; fileRef = 3ED59A7E2452CB0B00D63341 /* Pack_3_9.GIF */; };
		3ED59B3A2452CB1000D63341 /* Pack_3_9.GIF in Resources */ = {isa = PBXBuildFile; fileRef = 3ED59A7E2452CB0B00D63341 /* Pack_3_9.GIF */; };
		3ED59B3B2452CB1000D63341 /* Pack_3_8.GIF in Resources */ = {isa = PBXBuildFile; fileRef = 3ED59A7F2452CB0B00D63341 /* Pack_3_8.GIF */; };
		3ED59B3C2452CB1000D63341 /* Pack_3_8.GIF in Resources */ = {isa = PBXBuildFile; fileRef = 3ED59A7F2452CB0B00D63341 /* Pack_3_8.GIF */; };
		3ED59B3D2452CB1000D63341 /* Pack_3_5.GIF in Resources */ = {isa = PBXBuildFile; fileRef = 3ED59A802452CB0B00D63341 /* Pack_3_5.GIF */; };
		3ED59B3E2452CB1000D63341 /* Pack_3_5.GIF in Resources */ = {isa = PBXBuildFile; fileRef = 3ED59A802452CB0B00D63341 /* Pack_3_5.GIF */; };
		3ED59B3F2452CB1000D63341 /* Pack_3_16.GIF in Resources */ = {isa = PBXBuildFile; fileRef = 3ED59A812452CB0C00D63341 /* Pack_3_16.GIF */; };
		3ED59B402452CB1000D63341 /* Pack_3_16.GIF in Resources */ = {isa = PBXBuildFile; fileRef = 3ED59A812452CB0C00D63341 /* Pack_3_16.GIF */; };
		3ED59B412452CB1000D63341 /* Pack_3_4.GIF in Resources */ = {isa = PBXBuildFile; fileRef = 3ED59A822452CB0C00D63341 /* Pack_3_4.GIF */; };
		3ED59B422452CB1000D63341 /* Pack_3_4.GIF in Resources */ = {isa = PBXBuildFile; fileRef = 3ED59A822452CB0C00D63341 /* Pack_3_4.GIF */; };
		3ED59B432452CB1000D63341 /* Pack_3_17.GIF in Resources */ = {isa = PBXBuildFile; fileRef = 3ED59A832452CB0C00D63341 /* Pack_3_17.GIF */; };
		3ED59B442452CB1000D63341 /* Pack_3_17.GIF in Resources */ = {isa = PBXBuildFile; fileRef = 3ED59A832452CB0C00D63341 /* Pack_3_17.GIF */; };
		3ED59B452452CB1000D63341 /* Pack_3_15.GIF in Resources */ = {isa = PBXBuildFile; fileRef = 3ED59A842452CB0C00D63341 /* Pack_3_15.GIF */; };
		3ED59B462452CB1000D63341 /* Pack_3_15.GIF in Resources */ = {isa = PBXBuildFile; fileRef = 3ED59A842452CB0C00D63341 /* Pack_3_15.GIF */; };
		3ED59B472452CB1000D63341 /* Pack_3_6.GIF in Resources */ = {isa = PBXBuildFile; fileRef = 3ED59A852452CB0C00D63341 /* Pack_3_6.GIF */; };
		3ED59B482452CB1000D63341 /* Pack_3_6.GIF in Resources */ = {isa = PBXBuildFile; fileRef = 3ED59A852452CB0C00D63341 /* Pack_3_6.GIF */; };
		3ED59B492452CB1000D63341 /* Pack_3_14.GIF in Resources */ = {isa = PBXBuildFile; fileRef = 3ED59A862452CB0C00D63341 /* Pack_3_14.GIF */; };
		3ED59B4A2452CB1000D63341 /* Pack_3_14.GIF in Resources */ = {isa = PBXBuildFile; fileRef = 3ED59A862452CB0C00D63341 /* Pack_3_14.GIF */; };
		3ED59B4B2452CB1000D63341 /* Pack_3_7.GIF in Resources */ = {isa = PBXBuildFile; fileRef = 3ED59A872452CB0C00D63341 /* Pack_3_7.GIF */; };
		3ED59B4C2452CB1000D63341 /* Pack_3_7.GIF in Resources */ = {isa = PBXBuildFile; fileRef = 3ED59A872452CB0C00D63341 /* Pack_3_7.GIF */; };
		3ED59B4D2452CB1000D63341 /* Pack_3_3.GIF in Resources */ = {isa = PBXBuildFile; fileRef = 3ED59A882452CB0C00D63341 /* Pack_3_3.GIF */; };
		3ED59B4E2452CB1000D63341 /* Pack_3_3.GIF in Resources */ = {isa = PBXBuildFile; fileRef = 3ED59A882452CB0C00D63341 /* Pack_3_3.GIF */; };
		3ED59B4F2452CB1000D63341 /* Pack_3_10.GIF in Resources */ = {isa = PBXBuildFile; fileRef = 3ED59A892452CB0C00D63341 /* Pack_3_10.GIF */; };
		3ED59B502452CB1000D63341 /* Pack_3_10.GIF in Resources */ = {isa = PBXBuildFile; fileRef = 3ED59A892452CB0C00D63341 /* Pack_3_10.GIF */; };
		3ED59B512452CB1000D63341 /* Pack_3_2.GIF in Resources */ = {isa = PBXBuildFile; fileRef = 3ED59A8A2452CB0C00D63341 /* Pack_3_2.GIF */; };
		3ED59B522452CB1000D63341 /* Pack_3_2.GIF in Resources */ = {isa = PBXBuildFile; fileRef = 3ED59A8A2452CB0C00D63341 /* Pack_3_2.GIF */; };
		3ED59B532452CB1000D63341 /* Pack_3_11.GIF in Resources */ = {isa = PBXBuildFile; fileRef = 3ED59A8B2452CB0C00D63341 /* Pack_3_11.GIF */; };
		3ED59B542452CB1000D63341 /* Pack_3_11.GIF in Resources */ = {isa = PBXBuildFile; fileRef = 3ED59A8B2452CB0C00D63341 /* Pack_3_11.GIF */; };
		3ED59B552452CB1000D63341 /* Pack_3_13.GIF in Resources */ = {isa = PBXBuildFile; fileRef = 3ED59A8C2452CB0C00D63341 /* Pack_3_13.GIF */; };
		3ED59B562452CB1000D63341 /* Pack_3_13.GIF in Resources */ = {isa = PBXBuildFile; fileRef = 3ED59A8C2452CB0C00D63341 /* Pack_3_13.GIF */; };
		3ED59B572452CB1000D63341 /* Pack_3_12.GIF in Resources */ = {isa = PBXBuildFile; fileRef = 3ED59A8D2452CB0C00D63341 /* Pack_3_12.GIF */; };
		3ED59B582452CB1000D63341 /* Pack_3_12.GIF in Resources */ = {isa = PBXBuildFile; fileRef = 3ED59A8D2452CB0C00D63341 /* Pack_3_12.GIF */; };
		3ED59B592452CB1000D63341 /* Pack_3_1.GIF in Resources */ = {isa = PBXBuildFile; fileRef = 3ED59A8E2452CB0C00D63341 /* Pack_3_1.GIF */; };
		3ED59B5A2452CB1000D63341 /* Pack_3_1.GIF in Resources */ = {isa = PBXBuildFile; fileRef = 3ED59A8E2452CB0C00D63341 /* Pack_3_1.GIF */; };
		3EDB2F8A244EA42E00C6F2A9 /* AppDelegate.swift in Sources */ = {isa = PBXBuildFile; fileRef = 3EDB2F89244EA42E00C6F2A9 /* AppDelegate.swift */; };
		3EDB2F8C244EA42E00C6F2A9 /* SceneDelegate.swift in Sources */ = {isa = PBXBuildFile; fileRef = 3EDB2F8B244EA42E00C6F2A9 /* SceneDelegate.swift */; };
		3EDB2F91244EA42F00C6F2A9 /* Main.storyboard in Resources */ = {isa = PBXBuildFile; fileRef = 3EDB2F8F244EA42F00C6F2A9 /* Main.storyboard */; };
		3EDB2F93244EA47600C6F2A9 /* Assets.xcassets in Resources */ = {isa = PBXBuildFile; fileRef = 3EDB2F92244EA47600C6F2A9 /* Assets.xcassets */; };
		3EDB2F96244EA47600C6F2A9 /* LaunchScreen.storyboard in Resources */ = {isa = PBXBuildFile; fileRef = 3EDB2F94244EA47600C6F2A9 /* LaunchScreen.storyboard */; };
		3EDB2F9E244EADDC00C6F2A9 /* HomeViewController.swift in Sources */ = {isa = PBXBuildFile; fileRef = 3EDB2F9D244EADDC00C6F2A9 /* HomeViewController.swift */; };
		3EDB2FA0244EAE2C00C6F2A9 /* DetailViewController.swift in Sources */ = {isa = PBXBuildFile; fileRef = 3EDB2F9F244EAE2C00C6F2A9 /* DetailViewController.swift */; };
		3EDB2FA2244EAEB400C6F2A9 /* PopUpViewController.swift in Sources */ = {isa = PBXBuildFile; fileRef = 3EDB2FA1244EAEB400C6F2A9 /* PopUpViewController.swift */; };
		3EDB2FA4244EAEED00C6F2A9 /* NewPackViewController.swift in Sources */ = {isa = PBXBuildFile; fileRef = 3EDB2FA3244EAEED00C6F2A9 /* NewPackViewController.swift */; };
		4F977CA60A2BEAADCEEEDC88 /* Pods_Cute_T_Stickers.framework in Frameworks */ = {isa = PBXBuildFile; fileRef = AEC3456A0D54CBA214F94EA7 /* Pods_Cute_T_Stickers.framework */; };
/* End PBXBuildFile section */

/* Begin PBXContainerItemProxy section */
		3ED598CB2452922C00D63341 /* PBXContainerItemProxy */ = {
			isa = PBXContainerItemProxy;
			containerPortal = 3EDB2F7E244EA42D00C6F2A9 /* Project object */;
			proxyType = 1;
			remoteGlobalIDString = 3ED598BE2452920900D63341;
			remoteInfo = "Cute-T Stickers iMessage Extension";
		};
/* End PBXContainerItemProxy section */

/* Begin PBXCopyFilesBuildPhase section */
		3ED598CE2452922D00D63341 /* Embed App Extensions */ = {
			isa = PBXCopyFilesBuildPhase;
			buildActionMask = 2147483647;
			dstPath = "";
			dstSubfolderSpec = 13;
			files = (
				3ED598CD2452922C00D63341 /* Cute-T Stickers Pack.appex in Embed App Extensions */,
			);
			name = "Embed App Extensions";
			runOnlyForDeploymentPostprocessing = 0;
		};
/* End PBXCopyFilesBuildPhase section */

/* Begin PBXFileReference section */
		050CC4EA5D83BD3C2C7B6A0B /* Pods-Cute-T Stickers iMessage Extension.release.xcconfig */ = {isa = PBXFileReference; includeInIndex = 1; lastKnownFileType = text.xcconfig; name = "Pods-Cute-T Stickers iMessage Extension.release.xcconfig"; path = "Target Support Files/Pods-Cute-T Stickers iMessage Extension/Pods-Cute-T Stickers iMessage Extension.release.xcconfig"; sourceTree = "<group>"; };
		1AD3CBD256F6DAA47C0BFC64 /* Pods-Cute-T Stickers.release.xcconfig */ = {isa = PBXFileReference; includeInIndex = 1; lastKnownFileType = text.xcconfig; name = "Pods-Cute-T Stickers.release.xcconfig"; path = "Target Support Files/Pods-Cute-T Stickers/Pods-Cute-T Stickers.release.xcconfig"; sourceTree = "<group>"; };
		26CFDD147C4F2B1EBD954239 /* Pods-Cute-T Stickers iMessage Extension.debug.xcconfig */ = {isa = PBXFileReference; includeInIndex = 1; lastKnownFileType = text.xcconfig; name = "Pods-Cute-T Stickers iMessage Extension.debug.xcconfig"; path = "Target Support Files/Pods-Cute-T Stickers iMessage Extension/Pods-Cute-T Stickers iMessage Extension.debug.xcconfig"; sourceTree = "<group>"; };
		3E85681D245163D400D656D4 /* StickerCell.swift */ = {isa = PBXFileReference; lastKnownFileType = sourcecode.swift; path = StickerCell.swift; sourceTree = "<group>"; };
		3ED598BF2452920900D63341 /* Cute-T Stickers Pack.appex */ = {isa = PBXFileReference; explicitFileType = "wrapper.app-extension"; includeInIndex = 0; path = "Cute-T Stickers Pack.appex"; sourceTree = BUILT_PRODUCTS_DIR; };
		3ED598C02452920900D63341 /* Messages.framework */ = {isa = PBXFileReference; lastKnownFileType = wrapper.framework; name = Messages.framework; path = System/Library/Frameworks/Messages.framework; sourceTree = SDKROOT; };
		3ED598C32452920900D63341 /* MessagesViewController.swift */ = {isa = PBXFileReference; lastKnownFileType = sourcecode.swift; path = MessagesViewController.swift; sourceTree = "<group>"; };
		3ED598C62452920900D63341 /* Base */ = {isa = PBXFileReference; lastKnownFileType = file.storyboard; name = Base; path = Base.lproj/MainInterface.storyboard; sourceTree = "<group>"; };
		3ED598C82452922C00D63341 /* Assets.xcassets */ = {isa = PBXFileReference; lastKnownFileType = folder.assetcatalog; path = Assets.xcassets; sourceTree = "<group>"; };
		3ED598CA2452922C00D63341 /* Info.plist */ = {isa = PBXFileReference; lastKnownFileType = text.plist.xml; path = Info.plist; sourceTree = "<group>"; };
		3ED59A252452CB0B00D63341 /* Pack_1_19.GIF */ = {isa = PBXFileReference; lastKnownFileType = image.gif; path = Pack_1_19.GIF; sourceTree = "<group>"; };
		3ED59A262452CB0B00D63341 /* Pack_1_24.GIF */ = {isa = PBXFileReference; lastKnownFileType = image.gif; path = Pack_1_24.GIF; sourceTree = "<group>"; };
		3ED59A272452CB0B00D63341 /* Pack_1_18.GIF */ = {isa = PBXFileReference; lastKnownFileType = image.gif; path = Pack_1_18.GIF; sourceTree = "<group>"; };
		3ED59A282452CB0B00D63341 /* Pack_1_20.GIF */ = {isa = PBXFileReference; lastKnownFileType = image.gif; path = Pack_1_20.GIF; sourceTree = "<group>"; };
		3ED59A292452CB0B00D63341 /* Pack_1_8.GIF */ = {isa = PBXFileReference; lastKnownFileType = image.gif; path = Pack_1_8.GIF; sourceTree = "<group>"; };
		3ED59A2A2452CB0B00D63341 /* Pack_1_9.GIF */ = {isa = PBXFileReference; lastKnownFileType = image.gif; path = Pack_1_9.GIF; sourceTree = "<group>"; };
		3ED59A2B2452CB0B00D63341 /* Pack_1_21.GIF */ = {isa = PBXFileReference; lastKnownFileType = image.gif; path = Pack_1_21.GIF; sourceTree = "<group>"; };
		3ED59A2C2452CB0B00D63341 /* Pack_1_23.GIF */ = {isa = PBXFileReference; lastKnownFileType = image.gif; path = Pack_1_23.GIF; sourceTree = "<group>"; };
		3ED59A2D2452CB0B00D63341 /* Pack_1_22.GIF */ = {isa = PBXFileReference; lastKnownFileType = image.gif; path = Pack_1_22.GIF; sourceTree = "<group>"; };
		3ED59A2E2452CB0B00D63341 /* Pack_1_13.GIF */ = {isa = PBXFileReference; lastKnownFileType = image.gif; path = Pack_1_13.GIF; sourceTree = "<group>"; };
		3ED59A2F2452CB0B00D63341 /* Pack_1_7.GIF */ = {isa = PBXFileReference; lastKnownFileType = image.gif; path = Pack_1_7.GIF; sourceTree = "<group>"; };
		3ED59A302452CB0B00D63341 /* Pack_1_6.GIF */ = {isa = PBXFileReference; lastKnownFileType = image.gif; path = Pack_1_6.GIF; sourceTree = "<group>"; };
		3ED59A312452CB0B00D63341 /* Pack_1_12.GIF */ = {isa = PBXFileReference; lastKnownFileType = image.gif; path = Pack_1_12.GIF; sourceTree = "<group>"; };
		3ED59A322452CB0B00D63341 /* Pack_1_10.GIF */ = {isa = PBXFileReference; lastKnownFileType = image.gif; path = Pack_1_10.GIF; sourceTree = "<group>"; };
		3ED59A332452CB0B00D63341 /* Pack_1_4.GIF */ = {isa = PBXFileReference; lastKnownFileType = image.gif; path = Pack_1_4.GIF; sourceTree = "<group>"; };
		3ED59A342452CB0B00D63341 /* Pack_1_5.GIF */ = {isa = PBXFileReference; lastKnownFileType = image.gif; path = Pack_1_5.GIF; sourceTree = "<group>"; };
		3ED59A352452CB0B00D63341 /* Pack_1_11.GIF */ = {isa = PBXFileReference; lastKnownFileType = image.gif; path = Pack_1_11.GIF; sourceTree = "<group>"; };
		3ED59A362452CB0B00D63341 /* Pack_1_15.GIF */ = {isa = PBXFileReference; lastKnownFileType = image.gif; path = Pack_1_15.GIF; sourceTree = "<group>"; };
		3ED59A372452CB0B00D63341 /* Pack_1_1.GIF */ = {isa = PBXFileReference; lastKnownFileType = image.gif; path = Pack_1_1.GIF; sourceTree = "<group>"; };
		3ED59A382452CB0B00D63341 /* Pack_1_14.GIF */ = {isa = PBXFileReference; lastKnownFileType = image.gif; path = Pack_1_14.GIF; sourceTree = "<group>"; };
		3ED59A392452CB0B00D63341 /* Pack_1_16.GIF */ = {isa = PBXFileReference; lastKnownFileType = image.gif; path = Pack_1_16.GIF; sourceTree = "<group>"; };
		3ED59A3A2452CB0B00D63341 /* Pack_1_2.GIF */ = {isa = PBXFileReference; lastKnownFileType = image.gif; path = Pack_1_2.GIF; sourceTree = "<group>"; };
		3ED59A3B2452CB0B00D63341 /* Pack_1_3.GIF */ = {isa = PBXFileReference; lastKnownFileType = image.gif; path = Pack_1_3.GIF; sourceTree = "<group>"; };
		3ED59A3C2452CB0B00D63341 /* Pack_1_17.GIF */ = {isa = PBXFileReference; lastKnownFileType = image.gif; path = Pack_1_17.GIF; sourceTree = "<group>"; };
		3ED59A3E2452CB0B00D63341 /* Pack_2_6.PNG */ = {isa = PBXFileReference; lastKnownFileType = image.png; path = Pack_2_6.PNG; sourceTree = "<group>"; };
		3ED59A3F2452CB0B00D63341 /* Pack_2_21.PNG */ = {isa = PBXFileReference; lastKnownFileType = image.png; path = Pack_2_21.PNG; sourceTree = "<group>"; };
		3ED59A402452CB0B00D63341 /* Pack_2_20.PNG */ = {isa = PBXFileReference; lastKnownFileType = image.png; path = Pack_2_20.PNG; sourceTree = "<group>"; };
		3ED59A412452CB0B00D63341 /* Pack_2_7.PNG */ = {isa = PBXFileReference; lastKnownFileType = image.png; path = Pack_2_7.PNG; sourceTree = "<group>"; };
		3ED59A422452CB0B00D63341 /* Pack_2_5.PNG */ = {isa = PBXFileReference; lastKnownFileType = image.png; path = Pack_2_5.PNG; sourceTree = "<group>"; };
		3ED59A432452CB0B00D63341 /* Pack_2_22.PNG */ = {isa = PBXFileReference; lastKnownFileType = image.png; path = Pack_2_22.PNG; sourceTree = "<group>"; };
		3ED59A442452CB0B00D63341 /* Pack_2_23.PNG */ = {isa = PBXFileReference; lastKnownFileType = image.png; path = Pack_2_23.PNG; sourceTree = "<group>"; };
		3ED59A452452CB0B00D63341 /* Pack_2_4.PNG */ = {isa = PBXFileReference; lastKnownFileType = image.png; path = Pack_2_4.PNG; sourceTree = "<group>"; };
		3ED59A462452CB0B00D63341 /* Pack_2_1.PNG */ = {isa = PBXFileReference; lastKnownFileType = image.png; path = Pack_2_1.PNG; sourceTree = "<group>"; };
		3ED59A472452CB0B00D63341 /* Pack_2_3.PNG */ = {isa = PBXFileReference; lastKnownFileType = image.png; path = Pack_2_3.PNG; sourceTree = "<group>"; };
		3ED59A482452CB0B00D63341 /* Pack_2_18.PNG */ = {isa = PBXFileReference; lastKnownFileType = image.png; path = Pack_2_18.PNG; sourceTree = "<group>"; };
		3ED59A492452CB0B00D63341 /* Pack_2_24.PNG */ = {isa = PBXFileReference; lastKnownFileType = image.png; path = Pack_2_24.PNG; sourceTree = "<group>"; };
		3ED59A4A2452CB0B00D63341 /* Pack_2_19.PNG */ = {isa = PBXFileReference; lastKnownFileType = image.png; path = Pack_2_19.PNG; sourceTree = "<group>"; };
		3ED59A4B2452CB0B00D63341 /* Pack_2_2.PNG */ = {isa = PBXFileReference; lastKnownFileType = image.png; path = Pack_2_2.PNG; sourceTree = "<group>"; };
		3ED59A4C2452CB0B00D63341 /* Pack_2_14.PNG */ = {isa = PBXFileReference; lastKnownFileType = image.png; path = Pack_2_14.PNG; sourceTree = "<group>"; };
		3ED59A4D2452CB0B00D63341 /* Pack_2_15.PNG */ = {isa = PBXFileReference; lastKnownFileType = image.png; path = Pack_2_15.PNG; sourceTree = "<group>"; };
		3ED59A4E2452CB0B00D63341 /* Pack_2_17.PNG */ = {isa = PBXFileReference; lastKnownFileType = image.png; path = Pack_2_17.PNG; sourceTree = "<group>"; };
		3ED59A4F2452CB0B00D63341 /* Pack_2_16.PNG */ = {isa = PBXFileReference; lastKnownFileType = image.png; path = Pack_2_16.PNG; sourceTree = "<group>"; };
		3ED59A502452CB0B00D63341 /* Pack_2_9.PNG */ = {isa = PBXFileReference; lastKnownFileType = image.png; path = Pack_2_9.PNG; sourceTree = "<group>"; };
		3ED59A512452CB0B00D63341 /* Pack_2_12.PNG */ = {isa = PBXFileReference; lastKnownFileType = image.png; path = Pack_2_12.PNG; sourceTree = "<group>"; };
		3ED59A522452CB0B00D63341 /* Pack_2_13.PNG */ = {isa = PBXFileReference; lastKnownFileType = image.png; path = Pack_2_13.PNG; sourceTree = "<group>"; };
		3ED59A532452CB0B00D63341 /* Pack_2_8.PNG */ = {isa = PBXFileReference; lastKnownFileType = image.png; path = Pack_2_8.PNG; sourceTree = "<group>"; };
		3ED59A542452CB0B00D63341 /* Pack_2_11.PNG */ = {isa = PBXFileReference; lastKnownFileType = image.png; path = Pack_2_11.PNG; sourceTree = "<group>"; };
		3ED59A552452CB0B00D63341 /* Pack_2_10.PNG */ = {isa = PBXFileReference; lastKnownFileType = image.png; path = Pack_2_10.PNG; sourceTree = "<group>"; };
		3ED59A572452CB0B00D63341 /* Pack_5_21.GIF */ = {isa = PBXFileReference; lastKnownFileType = image.gif; path = Pack_5_21.GIF; sourceTree = "<group>"; };
		3ED59A582452CB0B00D63341 /* Pack_5_20.GIF */ = {isa = PBXFileReference; lastKnownFileType = image.gif; path = Pack_5_20.GIF; sourceTree = "<group>"; };
		3ED59A592452CB0B00D63341 /* Pack_5_22.GIF */ = {isa = PBXFileReference; lastKnownFileType = image.gif; path = Pack_5_22.GIF; sourceTree = "<group>"; };
		3ED59A5A2452CB0B00D63341 /* Pack_5_23.GIF */ = {isa = PBXFileReference; lastKnownFileType = image.gif; path = Pack_5_23.GIF; sourceTree = "<group>"; };
		3ED59A5B2452CB0B00D63341 /* Pack_5_24.GIF */ = {isa = PBXFileReference; lastKnownFileType = image.gif; path = Pack_5_24.GIF; sourceTree = "<group>"; };
		3ED59A5C2452CB0B00D63341 /* Pack_5_18.GIF */ = {isa = PBXFileReference; lastKnownFileType = image.gif; path = Pack_5_18.GIF; sourceTree = "<group>"; };
		3ED59A5D2452CB0B00D63341 /* Pack_5_19.GIF */ = {isa = PBXFileReference; lastKnownFileType = image.gif; path = Pack_5_19.GIF; sourceTree = "<group>"; };
		3ED59A5E2452CB0B00D63341 /* Pack_5_9.GIF */ = {isa = PBXFileReference; lastKnownFileType = image.gif; path = Pack_5_9.GIF; sourceTree = "<group>"; };
		3ED59A5F2452CB0B00D63341 /* Pack_5_8.GIF */ = {isa = PBXFileReference; lastKnownFileType = image.gif; path = Pack_5_8.GIF; sourceTree = "<group>"; };
		3ED59A602452CB0B00D63341 /* Pack_5_3.GIF */ = {isa = PBXFileReference; lastKnownFileType = image.gif; path = Pack_5_3.GIF; sourceTree = "<group>"; };
		3ED59A612452CB0B00D63341 /* Pack_5_2.GIF */ = {isa = PBXFileReference; lastKnownFileType = image.gif; path = Pack_5_2.GIF; sourceTree = "<group>"; };
		3ED59A622452CB0B00D63341 /* Pack_5_1.GIF */ = {isa = PBXFileReference; lastKnownFileType = image.gif; path = Pack_5_1.GIF; sourceTree = "<group>"; };
		3ED59A632452CB0B00D63341 /* Pack_5_5.GIF */ = {isa = PBXFileReference; lastKnownFileType = image.gif; path = Pack_5_5.GIF; sourceTree = "<group>"; };
		3ED59A642452CB0B00D63341 /* Pack_5_4.GIF */ = {isa = PBXFileReference; lastKnownFileType = image.gif; path = Pack_5_4.GIF; sourceTree = "<group>"; };
		3ED59A652452CB0B00D63341 /* Pack_5_6.GIF */ = {isa = PBXFileReference; lastKnownFileType = image.gif; path = Pack_5_6.GIF; sourceTree = "<group>"; };
		3ED59A662452CB0B00D63341 /* Pack_5_7.GIF */ = {isa = PBXFileReference; lastKnownFileType = image.gif; path = Pack_5_7.GIF; sourceTree = "<group>"; };
		3ED59A672452CB0B00D63341 /* Pack_5_14.GIF */ = {isa = PBXFileReference; lastKnownFileType = image.gif; path = Pack_5_14.GIF; sourceTree = "<group>"; };
		3ED59A682452CB0B00D63341 /* Pack_5_15.GIF */ = {isa = PBXFileReference; lastKnownFileType = image.gif; path = Pack_5_15.GIF; sourceTree = "<group>"; };
		3ED59A692452CB0B00D63341 /* Pack_5_17.GIF */ = {isa = PBXFileReference; lastKnownFileType = image.gif; path = Pack_5_17.GIF; sourceTree = "<group>"; };
		3ED59A6A2452CB0B00D63341 /* Pack_5_16.GIF */ = {isa = PBXFileReference; lastKnownFileType = image.gif; path = Pack_5_16.GIF; sourceTree = "<group>"; };
		3ED59A6B2452CB0B00D63341 /* Pack_5_12.GIF */ = {isa = PBXFileReference; lastKnownFileType = image.gif; path = Pack_5_12.GIF; sourceTree = "<group>"; };
		3ED59A6C2452CB0B00D63341 /* Pack_5_13.GIF */ = {isa = PBXFileReference; lastKnownFileType = image.gif; path = Pack_5_13.GIF; sourceTree = "<group>"; };
		3ED59A6D2452CB0B00D63341 /* Pack_5_11.GIF */ = {isa = PBXFileReference; lastKnownFileType = image.gif; path = Pack_5_11.GIF; sourceTree = "<group>"; };
		3ED59A6E2452CB0B00D63341 /* Pack_5_10.GIF */ = {isa = PBXFileReference; lastKnownFileType = image.gif; path = Pack_5_10.GIF; sourceTree = "<group>"; };
		3ED59A702452CB0B00D63341 /* Pack_4_9.GIF */ = {isa = PBXFileReference; lastKnownFileType = image.gif; path = Pack_4_9.GIF; sourceTree = "<group>"; };
		3ED59A712452CB0B00D63341 /* Pack_4_8.GIF */ = {isa = PBXFileReference; lastKnownFileType = image.gif; path = Pack_4_8.GIF; sourceTree = "<group>"; };
		3ED59A722452CB0B00D63341 /* Pack_4_10.GIF */ = {isa = PBXFileReference; lastKnownFileType = image.gif; path = Pack_4_10.GIF; sourceTree = "<group>"; };
		3ED59A732452CB0B00D63341 /* Pack_4_11.GIF */ = {isa = PBXFileReference; lastKnownFileType = image.gif; path = Pack_4_11.GIF; sourceTree = "<group>"; };
		3ED59A742452CB0B00D63341 /* Pack_4_12.GIF */ = {isa = PBXFileReference; lastKnownFileType = image.gif; path = Pack_4_12.GIF; sourceTree = "<group>"; };
		3ED59A752452CB0B00D63341 /* Pack_4_1.GIF */ = {isa = PBXFileReference; lastKnownFileType = image.gif; path = Pack_4_1.GIF; sourceTree = "<group>"; };
		3ED59A762452CB0B00D63341 /* Pack_4_3.GIF */ = {isa = PBXFileReference; lastKnownFileType = image.gif; path = Pack_4_3.GIF; sourceTree = "<group>"; };
		3ED59A772452CB0B00D63341 /* Pack_4_2.GIF */ = {isa = PBXFileReference; lastKnownFileType = image.gif; path = Pack_4_2.GIF; sourceTree = "<group>"; };
		3ED59A782452CB0B00D63341 /* Pack_4_6.GIF */ = {isa = PBXFileReference; lastKnownFileType = image.gif; path = Pack_4_6.GIF; sourceTree = "<group>"; };
		3ED59A792452CB0B00D63341 /* Pack_4_7.GIF */ = {isa = PBXFileReference; lastKnownFileType = image.gif; path = Pack_4_7.GIF; sourceTree = "<group>"; };
		3ED59A7A2452CB0B00D63341 /* Pack_4_5.GIF */ = {isa = PBXFileReference; lastKnownFileType = image.gif; path = Pack_4_5.GIF; sourceTree = "<group>"; };
		3ED59A7B2452CB0B00D63341 /* Pack_4_4.GIF */ = {isa = PBXFileReference; lastKnownFileType = image.gif; path = Pack_4_4.GIF; sourceTree = "<group>"; };
		3ED59A7D2452CB0B00D63341 /* Pack_3_18.GIF */ = {isa = PBXFileReference; lastKnownFileType = image.gif; path = Pack_3_18.GIF; sourceTree = "<group>"; };
		3ED59A7E2452CB0B00D63341 /* Pack_3_9.GIF */ = {isa = PBXFileReference; lastKnownFileType = image.gif; path = Pack_3_9.GIF; sourceTree = "<group>"; };
		3ED59A7F2452CB0B00D63341 /* Pack_3_8.GIF */ = {isa = PBXFileReference; lastKnownFileType = image.gif; path = Pack_3_8.GIF; sourceTree = "<group>"; };
		3ED59A802452CB0B00D63341 /* Pack_3_5.GIF */ = {isa = PBXFileReference; lastKnownFileType = image.gif; path = Pack_3_5.GIF; sourceTree = "<group>"; };
		3ED59A812452CB0C00D63341 /* Pack_3_16.GIF */ = {isa = PBXFileReference; lastKnownFileType = image.gif; path = Pack_3_16.GIF; sourceTree = "<group>"; };
		3ED59A822452CB0C00D63341 /* Pack_3_4.GIF */ = {isa = PBXFileReference; lastKnownFileType = image.gif; path = Pack_3_4.GIF; sourceTree = "<group>"; };
		3ED59A832452CB0C00D63341 /* Pack_3_17.GIF */ = {isa = PBXFileReference; lastKnownFileType = image.gif; path = Pack_3_17.GIF; sourceTree = "<group>"; };
		3ED59A842452CB0C00D63341 /* Pack_3_15.GIF */ = {isa = PBXFileReference; lastKnownFileType = image.gif; path = Pack_3_15.GIF; sourceTree = "<group>"; };
		3ED59A852452CB0C00D63341 /* Pack_3_6.GIF */ = {isa = PBXFileReference; lastKnownFileType = image.gif; path = Pack_3_6.GIF; sourceTree = "<group>"; };
		3ED59A862452CB0C00D63341 /* Pack_3_14.GIF */ = {isa = PBXFileReference; lastKnownFileType = image.gif; path = Pack_3_14.GIF; sourceTree = "<group>"; };
		3ED59A872452CB0C00D63341 /* Pack_3_7.GIF */ = {isa = PBXFileReference; lastKnownFileType = image.gif; path = Pack_3_7.GIF; sourceTree = "<group>"; };
		3ED59A882452CB0C00D63341 /* Pack_3_3.GIF */ = {isa = PBXFileReference; lastKnownFileType = image.gif; path = Pack_3_3.GIF; sourceTree = "<group>"; };
		3ED59A892452CB0C00D63341 /* Pack_3_10.GIF */ = {isa = PBXFileReference; lastKnownFileType = image.gif; path = Pack_3_10.GIF; sourceTree = "<group>"; };
		3ED59A8A2452CB0C00D63341 /* Pack_3_2.GIF */ = {isa = PBXFileReference; lastKnownFileType = image.gif; path = Pack_3_2.GIF; sourceTree = "<group>"; };
		3ED59A8B2452CB0C00D63341 /* Pack_3_11.GIF */ = {isa = PBXFileReference; lastKnownFileType = image.gif; path = Pack_3_11.GIF; sourceTree = "<group>"; };
		3ED59A8C2452CB0C00D63341 /* Pack_3_13.GIF */ = {isa = PBXFileReference; lastKnownFileType = image.gif; path = Pack_3_13.GIF; sourceTree = "<group>"; };
		3ED59A8D2452CB0C00D63341 /* Pack_3_12.GIF */ = {isa = PBXFileReference; lastKnownFileType = image.gif; path = Pack_3_12.GIF; sourceTree = "<group>"; };
		3ED59A8E2452CB0C00D63341 /* Pack_3_1.GIF */ = {isa = PBXFileReference; lastKnownFileType = image.gif; path = Pack_3_1.GIF; sourceTree = "<group>"; };
		3EDB2F86244EA42E00C6F2A9 /* Cute-T Stickers.app */ = {isa = PBXFileReference; explicitFileType = wrapper.application; includeInIndex = 0; path = "Cute-T Stickers.app"; sourceTree = BUILT_PRODUCTS_DIR; };
		3EDB2F89244EA42E00C6F2A9 /* AppDelegate.swift */ = {isa = PBXFileReference; lastKnownFileType = sourcecode.swift; path = AppDelegate.swift; sourceTree = "<group>"; };
		3EDB2F8B244EA42E00C6F2A9 /* SceneDelegate.swift */ = {isa = PBXFileReference; lastKnownFileType = sourcecode.swift; path = SceneDelegate.swift; sourceTree = "<group>"; };
		3EDB2F90244EA42F00C6F2A9 /* Base */ = {isa = PBXFileReference; lastKnownFileType = file.storyboard; name = Base; path = Base.lproj/Main.storyboard; sourceTree = "<group>"; };
		3EDB2F92244EA47600C6F2A9 /* Assets.xcassets */ = {isa = PBXFileReference; lastKnownFileType = folder.assetcatalog; path = Assets.xcassets; sourceTree = "<group>"; };
		3EDB2F95244EA47600C6F2A9 /* Base */ = {isa = PBXFileReference; lastKnownFileType = file.storyboard; name = Base; path = Base.lproj/LaunchScreen.storyboard; sourceTree = "<group>"; };
		3EDB2F97244EA47600C6F2A9 /* Info.plist */ = {isa = PBXFileReference; lastKnownFileType = text.plist.xml; path = Info.plist; sourceTree = "<group>"; };
		3EDB2F9D244EADDC00C6F2A9 /* HomeViewController.swift */ = {isa = PBXFileReference; lastKnownFileType = sourcecode.swift; path = HomeViewController.swift; sourceTree = "<group>"; };
		3EDB2F9F244EAE2C00C6F2A9 /* DetailViewController.swift */ = {isa = PBXFileReference; lastKnownFileType = sourcecode.swift; path = DetailViewController.swift; sourceTree = "<group>"; };
		3EDB2FA1244EAEB400C6F2A9 /* PopUpViewController.swift */ = {isa = PBXFileReference; lastKnownFileType = sourcecode.swift; path = PopUpViewController.swift; sourceTree = "<group>"; };
		3EDB2FA3244EAEED00C6F2A9 /* NewPackViewController.swift */ = {isa = PBXFileReference; lastKnownFileType = sourcecode.swift; path = NewPackViewController.swift; sourceTree = "<group>"; };
		6435E6C0816BBBF945EACF85 /* Pods-Cute-T Stickers.debug.xcconfig */ = {isa = PBXFileReference; includeInIndex = 1; lastKnownFileType = text.xcconfig; name = "Pods-Cute-T Stickers.debug.xcconfig"; path = "Target Support Files/Pods-Cute-T Stickers/Pods-Cute-T Stickers.debug.xcconfig"; sourceTree = "<group>"; };
		6CF7604EEE8E2FA914561320 /* Pods_Cute_T_Stickers_iMessage_Extension.framework */ = {isa = PBXFileReference; explicitFileType = wrapper.framework; includeInIndex = 0; path = Pods_Cute_T_Stickers_iMessage_Extension.framework; sourceTree = BUILT_PRODUCTS_DIR; };
		AEC3456A0D54CBA214F94EA7 /* Pods_Cute_T_Stickers.framework */ = {isa = PBXFileReference; explicitFileType = wrapper.framework; includeInIndex = 0; path = Pods_Cute_T_Stickers.framework; sourceTree = BUILT_PRODUCTS_DIR; };
/* End PBXFileReference section */

/* Begin PBXFrameworksBuildPhase section */
		3ED598BC2452920900D63341 /* Frameworks */ = {
			isa = PBXFrameworksBuildPhase;
			buildActionMask = 2147483647;
			files = (
				3ED598C12452920900D63341 /* Messages.framework in Frameworks */,
				21D758F026FFADFE684884BA /* Pods_Cute_T_Stickers_iMessage_Extension.framework in Frameworks */,
			);
			runOnlyForDeploymentPostprocessing = 0;
		};
		3EDB2F83244EA42E00C6F2A9 /* Frameworks */ = {
			isa = PBXFrameworksBuildPhase;
			buildActionMask = 2147483647;
			files = (
				4F977CA60A2BEAADCEEEDC88 /* Pods_Cute_T_Stickers.framework in Frameworks */,
			);
			runOnlyForDeploymentPostprocessing = 0;
		};
/* End PBXFrameworksBuildPhase section */

/* Begin PBXGroup section */
		1911696C2E22143624F4FCB6 /* Frameworks */ = {
			isa = PBXGroup;
			children = (
				AEC3456A0D54CBA214F94EA7 /* Pods_Cute_T_Stickers.framework */,
				3ED598C02452920900D63341 /* Messages.framework */,
				6CF7604EEE8E2FA914561320 /* Pods_Cute_T_Stickers_iMessage_Extension.framework */,
			);
			name = Frameworks;
			sourceTree = "<group>";
		};
		3ED598C22452920900D63341 /* Cute-T Stickers iMessage Extension */ = {
			isa = PBXGroup;
			children = (
				3ED598C32452920900D63341 /* MessagesViewController.swift */,
				3ED598C52452920900D63341 /* MainInterface.storyboard */,
				3ED598C82452922C00D63341 /* Assets.xcassets */,
				3ED598CA2452922C00D63341 /* Info.plist */,
			);
			path = "Cute-T Stickers iMessage Extension";
			sourceTree = "<group>";
		};
		3ED59A232452CB0B00D63341 /* Sticker Packs */ = {
			isa = PBXGroup;
			children = (
				3ED59A242452CB0B00D63341 /* Pack 1 */,
				3ED59A3D2452CB0B00D63341 /* Pack 2 */,
				3ED59A562452CB0B00D63341 /* Pack 5 */,
				3ED59A6F2452CB0B00D63341 /* Pack 4 */,
				3ED59A7C2452CB0B00D63341 /* Pack 3 */,
			);
			path = "Sticker Packs";
			sourceTree = "<group>";
		};
		3ED59A242452CB0B00D63341 /* Pack 1 */ = {
			isa = PBXGroup;
			children = (
				3ED59A252452CB0B00D63341 /* Pack_1_19.GIF */,
				3ED59A262452CB0B00D63341 /* Pack_1_24.GIF */,
				3ED59A272452CB0B00D63341 /* Pack_1_18.GIF */,
				3ED59A282452CB0B00D63341 /* Pack_1_20.GIF */,
				3ED59A292452CB0B00D63341 /* Pack_1_8.GIF */,
				3ED59A2A2452CB0B00D63341 /* Pack_1_9.GIF */,
				3ED59A2B2452CB0B00D63341 /* Pack_1_21.GIF */,
				3ED59A2C2452CB0B00D63341 /* Pack_1_23.GIF */,
				3ED59A2D2452CB0B00D63341 /* Pack_1_22.GIF */,
				3ED59A2E2452CB0B00D63341 /* Pack_1_13.GIF */,
				3ED59A2F2452CB0B00D63341 /* Pack_1_7.GIF */,
				3ED59A302452CB0B00D63341 /* Pack_1_6.GIF */,
				3ED59A312452CB0B00D63341 /* Pack_1_12.GIF */,
				3ED59A322452CB0B00D63341 /* Pack_1_10.GIF */,
				3ED59A332452CB0B00D63341 /* Pack_1_4.GIF */,
				3ED59A342452CB0B00D63341 /* Pack_1_5.GIF */,
				3ED59A352452CB0B00D63341 /* Pack_1_11.GIF */,
				3ED59A362452CB0B00D63341 /* Pack_1_15.GIF */,
				3ED59A372452CB0B00D63341 /* Pack_1_1.GIF */,
				3ED59A382452CB0B00D63341 /* Pack_1_14.GIF */,
				3ED59A392452CB0B00D63341 /* Pack_1_16.GIF */,
				3ED59A3A2452CB0B00D63341 /* Pack_1_2.GIF */,
				3ED59A3B2452CB0B00D63341 /* Pack_1_3.GIF */,
				3ED59A3C2452CB0B00D63341 /* Pack_1_17.GIF */,
			);
			path = "Pack 1";
			sourceTree = "<group>";
		};
		3ED59A3D2452CB0B00D63341 /* Pack 2 */ = {
			isa = PBXGroup;
			children = (
				3ED59A3E2452CB0B00D63341 /* Pack_2_6.PNG */,
				3ED59A3F2452CB0B00D63341 /* Pack_2_21.PNG */,
				3ED59A402452CB0B00D63341 /* Pack_2_20.PNG */,
				3ED59A412452CB0B00D63341 /* Pack_2_7.PNG */,
				3ED59A422452CB0B00D63341 /* Pack_2_5.PNG */,
				3ED59A432452CB0B00D63341 /* Pack_2_22.PNG */,
				3ED59A442452CB0B00D63341 /* Pack_2_23.PNG */,
				3ED59A452452CB0B00D63341 /* Pack_2_4.PNG */,
				3ED59A462452CB0B00D63341 /* Pack_2_1.PNG */,
				3ED59A472452CB0B00D63341 /* Pack_2_3.PNG */,
				3ED59A482452CB0B00D63341 /* Pack_2_18.PNG */,
				3ED59A492452CB0B00D63341 /* Pack_2_24.PNG */,
				3ED59A4A2452CB0B00D63341 /* Pack_2_19.PNG */,
				3ED59A4B2452CB0B00D63341 /* Pack_2_2.PNG */,
				3ED59A4C2452CB0B00D63341 /* Pack_2_14.PNG */,
				3ED59A4D2452CB0B00D63341 /* Pack_2_15.PNG */,
				3ED59A4E2452CB0B00D63341 /* Pack_2_17.PNG */,
				3ED59A4F2452CB0B00D63341 /* Pack_2_16.PNG */,
				3ED59A502452CB0B00D63341 /* Pack_2_9.PNG */,
				3ED59A512452CB0B00D63341 /* Pack_2_12.PNG */,
				3ED59A522452CB0B00D63341 /* Pack_2_13.PNG */,
				3ED59A532452CB0B00D63341 /* Pack_2_8.PNG */,
				3ED59A542452CB0B00D63341 /* Pack_2_11.PNG */,
				3ED59A552452CB0B00D63341 /* Pack_2_10.PNG */,
			);
			path = "Pack 2";
			sourceTree = "<group>";
		};
		3ED59A562452CB0B00D63341 /* Pack 5 */ = {
			isa = PBXGroup;
			children = (
				3ED59A572452CB0B00D63341 /* Pack_5_21.GIF */,
				3ED59A582452CB0B00D63341 /* Pack_5_20.GIF */,
				3ED59A592452CB0B00D63341 /* Pack_5_22.GIF */,
				3ED59A5A2452CB0B00D63341 /* Pack_5_23.GIF */,
				3ED59A5B2452CB0B00D63341 /* Pack_5_24.GIF */,
				3ED59A5C2452CB0B00D63341 /* Pack_5_18.GIF */,
				3ED59A5D2452CB0B00D63341 /* Pack_5_19.GIF */,
				3ED59A5E2452CB0B00D63341 /* Pack_5_9.GIF */,
				3ED59A5F2452CB0B00D63341 /* Pack_5_8.GIF */,
				3ED59A602452CB0B00D63341 /* Pack_5_3.GIF */,
				3ED59A612452CB0B00D63341 /* Pack_5_2.GIF */,
				3ED59A622452CB0B00D63341 /* Pack_5_1.GIF */,
				3ED59A632452CB0B00D63341 /* Pack_5_5.GIF */,
				3ED59A642452CB0B00D63341 /* Pack_5_4.GIF */,
				3ED59A652452CB0B00D63341 /* Pack_5_6.GIF */,
				3ED59A662452CB0B00D63341 /* Pack_5_7.GIF */,
				3ED59A672452CB0B00D63341 /* Pack_5_14.GIF */,
				3ED59A682452CB0B00D63341 /* Pack_5_15.GIF */,
				3ED59A692452CB0B00D63341 /* Pack_5_17.GIF */,
				3ED59A6A2452CB0B00D63341 /* Pack_5_16.GIF */,
				3ED59A6B2452CB0B00D63341 /* Pack_5_12.GIF */,
				3ED59A6C2452CB0B00D63341 /* Pack_5_13.GIF */,
				3ED59A6D2452CB0B00D63341 /* Pack_5_11.GIF */,
				3ED59A6E2452CB0B00D63341 /* Pack_5_10.GIF */,
			);
			path = "Pack 5";
			sourceTree = "<group>";
		};
		3ED59A6F2452CB0B00D63341 /* Pack 4 */ = {
			isa = PBXGroup;
			children = (
				3ED59A702452CB0B00D63341 /* Pack_4_9.GIF */,
				3ED59A712452CB0B00D63341 /* Pack_4_8.GIF */,
				3ED59A722452CB0B00D63341 /* Pack_4_10.GIF */,
				3ED59A732452CB0B00D63341 /* Pack_4_11.GIF */,
				3ED59A742452CB0B00D63341 /* Pack_4_12.GIF */,
				3ED59A752452CB0B00D63341 /* Pack_4_1.GIF */,
				3ED59A762452CB0B00D63341 /* Pack_4_3.GIF */,
				3ED59A772452CB0B00D63341 /* Pack_4_2.GIF */,
				3ED59A782452CB0B00D63341 /* Pack_4_6.GIF */,
				3ED59A792452CB0B00D63341 /* Pack_4_7.GIF */,
				3ED59A7A2452CB0B00D63341 /* Pack_4_5.GIF */,
				3ED59A7B2452CB0B00D63341 /* Pack_4_4.GIF */,
			);
			path = "Pack 4";
			sourceTree = "<group>";
		};
		3ED59A7C2452CB0B00D63341 /* Pack 3 */ = {
			isa = PBXGroup;
			children = (
				3ED59A7D2452CB0B00D63341 /* Pack_3_18.GIF */,
				3ED59A7E2452CB0B00D63341 /* Pack_3_9.GIF */,
				3ED59A7F2452CB0B00D63341 /* Pack_3_8.GIF */,
				3ED59A802452CB0B00D63341 /* Pack_3_5.GIF */,
				3ED59A812452CB0C00D63341 /* Pack_3_16.GIF */,
				3ED59A822452CB0C00D63341 /* Pack_3_4.GIF */,
				3ED59A832452CB0C00D63341 /* Pack_3_17.GIF */,
				3ED59A842452CB0C00D63341 /* Pack_3_15.GIF */,
				3ED59A852452CB0C00D63341 /* Pack_3_6.GIF */,
				3ED59A862452CB0C00D63341 /* Pack_3_14.GIF */,
				3ED59A872452CB0C00D63341 /* Pack_3_7.GIF */,
				3ED59A882452CB0C00D63341 /* Pack_3_3.GIF */,
				3ED59A892452CB0C00D63341 /* Pack_3_10.GIF */,
				3ED59A8A2452CB0C00D63341 /* Pack_3_2.GIF */,
				3ED59A8B2452CB0C00D63341 /* Pack_3_11.GIF */,
				3ED59A8C2452CB0C00D63341 /* Pack_3_13.GIF */,
				3ED59A8D2452CB0C00D63341 /* Pack_3_12.GIF */,
				3ED59A8E2452CB0C00D63341 /* Pack_3_1.GIF */,
			);
			path = "Pack 3";
			sourceTree = "<group>";
		};
		3EDB2F7D244EA42C00C6F2A9 = {
			isa = PBXGroup;
			children = (
				3EDB2F88244EA42E00C6F2A9 /* Cute-T Stickers */,
				3ED598C22452920900D63341 /* Cute-T Stickers iMessage Extension */,
				3EDB2F87244EA42E00C6F2A9 /* Products */,
				81D212013EC0B06C066EF140 /* Pods */,
				1911696C2E22143624F4FCB6 /* Frameworks */,
			);
			sourceTree = "<group>";
		};
		3EDB2F87244EA42E00C6F2A9 /* Products */ = {
			isa = PBXGroup;
			children = (
				3EDB2F86244EA42E00C6F2A9 /* Cute-T Stickers.app */,
				3ED598BF2452920900D63341 /* Cute-T Stickers Pack.appex */,
			);
			name = Products;
			sourceTree = "<group>";
		};
		3EDB2F88244EA42E00C6F2A9 /* Cute-T Stickers */ = {
			isa = PBXGroup;
			children = (
				3ED59A232452CB0B00D63341 /* Sticker Packs */,
				3EDB2F89244EA42E00C6F2A9 /* AppDelegate.swift */,
				3EDB2F8B244EA42E00C6F2A9 /* SceneDelegate.swift */,
				3EDB2F9D244EADDC00C6F2A9 /* HomeViewController.swift */,
				3EDB2F9F244EAE2C00C6F2A9 /* DetailViewController.swift */,
				3EDB2FA1244EAEB400C6F2A9 /* PopUpViewController.swift */,
				3EDB2FA3244EAEED00C6F2A9 /* NewPackViewController.swift */,
				3E85681D245163D400D656D4 /* StickerCell.swift */,
				3EDB2F8F244EA42F00C6F2A9 /* Main.storyboard */,
				3EDB2F92244EA47600C6F2A9 /* Assets.xcassets */,
				3EDB2F94244EA47600C6F2A9 /* LaunchScreen.storyboard */,
				3EDB2F97244EA47600C6F2A9 /* Info.plist */,
			);
			path = "Cute-T Stickers";
			sourceTree = "<group>";
		};
		81D212013EC0B06C066EF140 /* Pods */ = {
			isa = PBXGroup;
			children = (
				6435E6C0816BBBF945EACF85 /* Pods-Cute-T Stickers.debug.xcconfig */,
				1AD3CBD256F6DAA47C0BFC64 /* Pods-Cute-T Stickers.release.xcconfig */,
				26CFDD147C4F2B1EBD954239 /* Pods-Cute-T Stickers iMessage Extension.debug.xcconfig */,
				050CC4EA5D83BD3C2C7B6A0B /* Pods-Cute-T Stickers iMessage Extension.release.xcconfig */,
			);
			path = Pods;
			sourceTree = "<group>";
		};
/* End PBXGroup section */

/* Begin PBXNativeTarget section */
		3ED598BE2452920900D63341 /* Cute-T Stickers iMessage Extension */ = {
			isa = PBXNativeTarget;
			buildConfigurationList = 3ED598D12452922D00D63341 /* Build configuration list for PBXNativeTarget "Cute-T Stickers iMessage Extension" */;
			buildPhases = (
				2AA642F461B6D9C372419FEB /* [CP] Check Pods Manifest.lock */,
				3ED598BB2452920900D63341 /* Sources */,
				3ED598BC2452920900D63341 /* Frameworks */,
				3ED598BD2452920900D63341 /* Resources */,
			);
			buildRules = (
			);
			dependencies = (
			);
			name = "Cute-T Stickers iMessage Extension";
			productName = "Cute-T Stickers iMessage Extension";
			productReference = 3ED598BF2452920900D63341 /* Cute-T Stickers Pack.appex */;
			productType = "com.apple.product-type.app-extension.messages";
		};
		3EDB2F85244EA42E00C6F2A9 /* Cute-T Stickers */ = {
			isa = PBXNativeTarget;
			buildConfigurationList = 3EDB2F9A244EA47600C6F2A9 /* Build configuration list for PBXNativeTarget "Cute-T Stickers" */;
			buildPhases = (
				36F716A5546AE28BE290D2C1 /* [CP] Check Pods Manifest.lock */,
				3EDB2F82244EA42E00C6F2A9 /* Sources */,
				3EDB2F83244EA42E00C6F2A9 /* Frameworks */,
				3EDB2F84244EA42E00C6F2A9 /* Resources */,
				F6B7F79ED2351DDF7CE58C8A /* [CP] Embed Pods Frameworks */,
				3ED598CE2452922D00D63341 /* Embed App Extensions */,
			);
			buildRules = (
			);
			dependencies = (
				3ED598CC2452922C00D63341 /* PBXTargetDependency */,
			);
			name = "Cute-T Stickers";
			productName = "Cute-T Stickers";
			productReference = 3EDB2F86244EA42E00C6F2A9 /* Cute-T Stickers.app */;
			productType = "com.apple.product-type.application";
		};
/* End PBXNativeTarget section */

/* Begin PBXProject section */
		3EDB2F7E244EA42D00C6F2A9 /* Project object */ = {
			isa = PBXProject;
			attributes = {
				LastSwiftUpdateCheck = 1120;
				LastUpgradeCheck = 1120;
				ORGANIZATIONNAME = "Omni Soft Solutions";
				TargetAttributes = {
					3ED598BE2452920900D63341 = {
						CreatedOnToolsVersion = 11.2.1;
					};
					3EDB2F85244EA42E00C6F2A9 = {
						CreatedOnToolsVersion = 11.2.1;
					};
				};
			};
			buildConfigurationList = 3EDB2F81244EA42D00C6F2A9 /* Build configuration list for PBXProject "Cute-T Stickers" */;
			compatibilityVersion = "Xcode 9.3";
			developmentRegion = en;
			hasScannedForEncodings = 0;
			knownRegions = (
				en,
				Base,
			);
			mainGroup = 3EDB2F7D244EA42C00C6F2A9;
			productRefGroup = 3EDB2F87244EA42E00C6F2A9 /* Products */;
			projectDirPath = "";
			projectRoot = "";
			targets = (
				3EDB2F85244EA42E00C6F2A9 /* Cute-T Stickers */,
				3ED598BE2452920900D63341 /* Cute-T Stickers iMessage Extension */,
			);
		};
/* End PBXProject section */

/* Begin PBXResourcesBuildPhase section */
		3ED598BD2452920900D63341 /* Resources */ = {
			isa = PBXResourcesBuildPhase;
			buildActionMask = 2147483647;
			files = (
				3ED59B382452CB0F00D63341 /* Pack_3_18.GIF in Resources */,
				3ED59ABA2452CB0D00D63341 /* Pack_1_2.GIF in Resources */,
				3ED59AD22452CB0D00D63341 /* Pack_2_3.PNG in Resources */,
				3ED59AE22452CB0E00D63341 /* Pack_2_16.PNG in Resources */,
				3ED59B182452CB0F00D63341 /* Pack_5_12.GIF in Resources */,
				3ED59B482452CB1000D63341 /* Pack_3_6.GIF in Resources */,
				3ED59B4A2452CB1000D63341 /* Pack_3_14.GIF in Resources */,
				3ED59AC02452CB0D00D63341 /* Pack_2_6.PNG in Resources */,
				3ED59B222452CB0F00D63341 /* Pack_4_8.GIF in Resources */,
				3ED59B5A2452CB1000D63341 /* Pack_3_1.GIF in Resources */,
				3ED59AAA2452CB0C00D63341 /* Pack_1_10.GIF in Resources */,
				3ED59B522452CB1000D63341 /* Pack_3_2.GIF in Resources */,
				3ED598C92452922C00D63341 /* Assets.xcassets in Resources */,
				3ED59B1C2452CB0F00D63341 /* Pack_5_11.GIF in Resources */,
				3ED59A962452CB0C00D63341 /* Pack_1_20.GIF in Resources */,
				3ED59AAE2452CB0C00D63341 /* Pack_1_5.GIF in Resources */,
				3ED59A942452CB0C00D63341 /* Pack_1_18.GIF in Resources */,
				3ED59A922452CB0C00D63341 /* Pack_1_24.GIF in Resources */,
				3ED59AD62452CB0D00D63341 /* Pack_2_24.PNG in Resources */,
				3ED59AD82452CB0D00D63341 /* Pack_2_19.PNG in Resources */,
				3ED59ABE2452CB0D00D63341 /* Pack_1_17.GIF in Resources */,
				3ED59A9C2452CB0C00D63341 /* Pack_1_21.GIF in Resources */,
				3ED59AF62452CB0E00D63341 /* Pack_5_23.GIF in Resources */,
				3ED59AA02452CB0C00D63341 /* Pack_1_22.GIF in Resources */,
				3ED59AA62452CB0C00D63341 /* Pack_1_6.GIF in Resources */,
				3ED59B062452CB0E00D63341 /* Pack_5_1.GIF in Resources */,
				3ED59B162452CB0F00D63341 /* Pack_5_16.GIF in Resources */,
				3ED59AE02452CB0D00D63341 /* Pack_2_17.PNG in Resources */,
				3ED59AB02452CB0C00D63341 /* Pack_1_11.GIF in Resources */,
				3ED59B322452CB0F00D63341 /* Pack_4_7.GIF in Resources */,
				3ED59B142452CB0F00D63341 /* Pack_5_17.GIF in Resources */,
				3ED59B1A2452CB0F00D63341 /* Pack_5_13.GIF in Resources */,
				3ED59B422452CB1000D63341 /* Pack_3_4.GIF in Resources */,
				3ED59AC42452CB0D00D63341 /* Pack_2_20.PNG in Resources */,
				3ED59B102452CB0F00D63341 /* Pack_5_14.GIF in Resources */,
				3ED59AE42452CB0E00D63341 /* Pack_2_9.PNG in Resources */,
				3ED59B1E2452CB0F00D63341 /* Pack_5_10.GIF in Resources */,
				3ED59B262452CB0F00D63341 /* Pack_4_11.GIF in Resources */,
				3ED59A902452CB0C00D63341 /* Pack_1_19.GIF in Resources */,
				3ED59B462452CB1000D63341 /* Pack_3_15.GIF in Resources */,
				3ED59B002452CB0E00D63341 /* Pack_5_8.GIF in Resources */,
				3ED59B582452CB1000D63341 /* Pack_3_12.GIF in Resources */,
				3ED59AF82452CB0E00D63341 /* Pack_5_24.GIF in Resources */,
				3ED59AA22452CB0C00D63341 /* Pack_1_13.GIF in Resources */,
				3ED59AEA2452CB0E00D63341 /* Pack_2_8.PNG in Resources */,
				3ED59AF02452CB0E00D63341 /* Pack_5_21.GIF in Resources */,
				3ED59B302452CB0F00D63341 /* Pack_4_6.GIF in Resources */,
				3ED59ACE2452CB0D00D63341 /* Pack_2_4.PNG in Resources */,
				3ED59AF22452CB0E00D63341 /* Pack_5_20.GIF in Resources */,
				3ED59B082452CB0E00D63341 /* Pack_5_5.GIF in Resources */,
				3ED59AB42452CB0C00D63341 /* Pack_1_1.GIF in Resources */,
				3ED59A9E2452CB0C00D63341 /* Pack_1_23.GIF in Resources */,
				3ED59ABC2452CB0D00D63341 /* Pack_1_3.GIF in Resources */,
				3ED59ACA2452CB0D00D63341 /* Pack_2_22.PNG in Resources */,
				3ED59ADA2452CB0D00D63341 /* Pack_2_2.PNG in Resources */,
				3ED59AC62452CB0D00D63341 /* Pack_2_7.PNG in Resources */,
				3ED59AC22452CB0D00D63341 /* Pack_2_21.PNG in Resources */,
				3ED59B202452CB0F00D63341 /* Pack_4_9.GIF in Resources */,
				3ED59B342452CB0F00D63341 /* Pack_4_5.GIF in Resources */,
				3ED59AB82452CB0D00D63341 /* Pack_1_16.GIF in Resources */,
				3ED59B4C2452CB1000D63341 /* Pack_3_7.GIF in Resources */,
				3ED59A982452CB0C00D63341 /* Pack_1_8.GIF in Resources */,
				3ED59B2A2452CB0F00D63341 /* Pack_4_1.GIF in Resources */,
				3ED59AA42452CB0C00D63341 /* Pack_1_7.GIF in Resources */,
				3ED59AEC2452CB0E00D63341 /* Pack_2_11.PNG in Resources */,
				3ED59B402452CB1000D63341 /* Pack_3_16.GIF in Resources */,
				3ED59B4E2452CB1000D63341 /* Pack_3_3.GIF in Resources */,
				3ED59AFE2452CB0E00D63341 /* Pack_5_9.GIF in Resources */,
				3ED59AC82452CB0D00D63341 /* Pack_2_5.PNG in Resources */,
				3ED59AF42452CB0E00D63341 /* Pack_5_22.GIF in Resources */,
				3ED59B0C2452CB0E00D63341 /* Pack_5_6.GIF in Resources */,
				3ED598C72452920900D63341 /* MainInterface.storyboard in Resources */,
				3ED59B362452CB0F00D63341 /* Pack_4_4.GIF in Resources */,
				3ED59ADC2452CB0D00D63341 /* Pack_2_14.PNG in Resources */,
				3ED59B022452CB0E00D63341 /* Pack_5_3.GIF in Resources */,
				3ED59AA82452CB0C00D63341 /* Pack_1_12.GIF in Resources */,
				3ED59B282452CB0F00D63341 /* Pack_4_12.GIF in Resources */,
				3ED59B562452CB1000D63341 /* Pack_3_13.GIF in Resources */,
				3ED59AFA2452CB0E00D63341 /* Pack_5_18.GIF in Resources */,
				3ED59B2E2452CB0F00D63341 /* Pack_4_2.GIF in Resources */,
				3ED59AD02452CB0D00D63341 /* Pack_2_1.PNG in Resources */,
				3ED59AE62452CB0E00D63341 /* Pack_2_12.PNG in Resources */,
				3ED59AD42452CB0D00D63341 /* Pack_2_18.PNG in Resources */,
				3ED59ACC2452CB0D00D63341 /* Pack_2_23.PNG in Resources */,
				3ED59B0A2452CB0E00D63341 /* Pack_5_4.GIF in Resources */,
				3ED59B122452CB0F00D63341 /* Pack_5_15.GIF in Resources */,
				3ED59B3E2452CB1000D63341 /* Pack_3_5.GIF in Resources */,
				3ED59B442452CB1000D63341 /* Pack_3_17.GIF in Resources */,
				3ED59B502452CB1000D63341 /* Pack_3_10.GIF in Resources */,
				3ED59ADE2452CB0D00D63341 /* Pack_2_15.PNG in Resources */,
				3ED59AB62452CB0C00D63341 /* Pack_1_14.GIF in Resources */,
				3ED59B042452CB0E00D63341 /* Pack_5_2.GIF in Resources */,
				3ED59B242452CB0F00D63341 /* Pack_4_10.GIF in Resources */,
				3ED59AB22452CB0C00D63341 /* Pack_1_15.GIF in Resources */,
				3ED59B542452CB1000D63341 /* Pack_3_11.GIF in Resources */,
				3ED59AE82452CB0E00D63341 /* Pack_2_13.PNG in Resources */,
				3ED59B3A2452CB1000D63341 /* Pack_3_9.GIF in Resources */,
				3ED59B2C2452CB0F00D63341 /* Pack_4_3.GIF in Resources */,
				3ED59AFC2452CB0E00D63341 /* Pack_5_19.GIF in Resources */,
				3ED59A9A2452CB0C00D63341 /* Pack_1_9.GIF in Resources */,
				3ED59B0E2452CB0E00D63341 /* Pack_5_7.GIF in Resources */,
				3ED59AEE2452CB0E00D63341 /* Pack_2_10.PNG in Resources */,
				3ED59B3C2452CB1000D63341 /* Pack_3_8.GIF in Resources */,
				3ED59AAC2452CB0C00D63341 /* Pack_1_4.GIF in Resources */,
			);
			runOnlyForDeploymentPostprocessing = 0;
		};
		3EDB2F84244EA42E00C6F2A9 /* Resources */ = {
			isa = PBXResourcesBuildPhase;
			buildActionMask = 2147483647;
			files = (
				3ED59B352452CB0F00D63341 /* Pack_4_4.GIF in Resources */,
				3ED59ACB2452CB0D00D63341 /* Pack_2_23.PNG in Resources */,
				3ED59AA52452CB0C00D63341 /* Pack_1_6.GIF in Resources */,
				3ED59AD12452CB0D00D63341 /* Pack_2_3.PNG in Resources */,
				3ED59B252452CB0F00D63341 /* Pack_4_11.GIF in Resources */,
				3ED59AC92452CB0D00D63341 /* Pack_2_22.PNG in Resources */,
				3ED59B032452CB0E00D63341 /* Pack_5_2.GIF in Resources */,
				3ED59A9B2452CB0C00D63341 /* Pack_1_21.GIF in Resources */,
				3ED59B212452CB0F00D63341 /* Pack_4_8.GIF in Resources */,
				3ED59AA72452CB0C00D63341 /* Pack_1_12.GIF in Resources */,
				3ED59AC72452CB0D00D63341 /* Pack_2_5.PNG in Resources */,
				3ED59B332452CB0F00D63341 /* Pack_4_5.GIF in Resources */,
				3ED59B4D2452CB1000D63341 /* Pack_3_3.GIF in Resources */,
				3ED59ADF2452CB0D00D63341 /* Pack_2_17.PNG in Resources */,
				3ED59B3D2452CB1000D63341 /* Pack_3_5.GIF in Resources */,
				3ED59B592452CB1000D63341 /* Pack_3_1.GIF in Resources */,
				3ED59AE92452CB0E00D63341 /* Pack_2_8.PNG in Resources */,
				3ED59AF12452CB0E00D63341 /* Pack_5_20.GIF in Resources */,
				3EDB2F96244EA47600C6F2A9 /* LaunchScreen.storyboard in Resources */,
				3ED59AED2452CB0E00D63341 /* Pack_2_10.PNG in Resources */,
				3ED59A8F2452CB0C00D63341 /* Pack_1_19.GIF in Resources */,
				3ED59AB92452CB0D00D63341 /* Pack_1_2.GIF in Resources */,
				3ED59ADB2452CB0D00D63341 /* Pack_2_14.PNG in Resources */,
				3ED59AD32452CB0D00D63341 /* Pack_2_18.PNG in Resources */,
				3ED59ADD2452CB0D00D63341 /* Pack_2_15.PNG in Resources */,
				3ED59AAF2452CB0C00D63341 /* Pack_1_11.GIF in Resources */,
				3ED59B292452CB0F00D63341 /* Pack_4_1.GIF in Resources */,
				3ED59AE32452CB0E00D63341 /* Pack_2_9.PNG in Resources */,
				3ED59B232452CB0F00D63341 /* Pack_4_10.GIF in Resources */,
				3ED59AAD2452CB0C00D63341 /* Pack_1_5.GIF in Resources */,
				3ED59AE12452CB0D00D63341 /* Pack_2_16.PNG in Resources */,
				3ED59AE52452CB0E00D63341 /* Pack_2_12.PNG in Resources */,
				3ED59AE72452CB0E00D63341 /* Pack_2_13.PNG in Resources */,
				3ED59B452452CB1000D63341 /* Pack_3_15.GIF in Resources */,
				3ED59B3B2452CB1000D63341 /* Pack_3_8.GIF in Resources */,
				3ED59B192452CB0F00D63341 /* Pack_5_13.GIF in Resources */,
				3ED59B1B2452CB0F00D63341 /* Pack_5_11.GIF in Resources */,
				3ED59B0B2452CB0E00D63341 /* Pack_5_6.GIF in Resources */,
				3ED59AFD2452CB0E00D63341 /* Pack_5_9.GIF in Resources */,
				3ED59AB52452CB0C00D63341 /* Pack_1_14.GIF in Resources */,
				3ED59B532452CB1000D63341 /* Pack_3_11.GIF in Resources */,
				3ED59A952452CB0C00D63341 /* Pack_1_20.GIF in Resources */,
				3ED59AF72452CB0E00D63341 /* Pack_5_24.GIF in Resources */,
				3ED59A992452CB0C00D63341 /* Pack_1_9.GIF in Resources */,
				3ED59AFB2452CB0E00D63341 /* Pack_5_19.GIF in Resources */,
				3ED59B132452CB0F00D63341 /* Pack_5_17.GIF in Resources */,
				3ED59B272452CB0F00D63341 /* Pack_4_12.GIF in Resources */,
				3ED59B092452CB0E00D63341 /* Pack_5_4.GIF in Resources */,
				3ED59B3F2452CB1000D63341 /* Pack_3_16.GIF in Resources */,
				3ED59AA92452CB0C00D63341 /* Pack_1_10.GIF in Resources */,
				3ED59AFF2452CB0E00D63341 /* Pack_5_8.GIF in Resources */,
				3ED59AD92452CB0D00D63341 /* Pack_2_2.PNG in Resources */,
				3ED59B152452CB0F00D63341 /* Pack_5_16.GIF in Resources */,
				3ED59B0D2452CB0E00D63341 /* Pack_5_7.GIF in Resources */,
				3ED59B172452CB0F00D63341 /* Pack_5_12.GIF in Resources */,
				3ED59B392452CB0F00D63341 /* Pack_3_9.GIF in Resources */,
				3ED59AF92452CB0E00D63341 /* Pack_5_18.GIF in Resources */,
				3ED59B472452CB1000D63341 /* Pack_3_6.GIF in Resources */,
				3EDB2F93244EA47600C6F2A9 /* Assets.xcassets in Resources */,
				3ED59AC32452CB0D00D63341 /* Pack_2_20.PNG in Resources */,
				3ED59AD52452CB0D00D63341 /* Pack_2_24.PNG in Resources */,
				3ED59B572452CB1000D63341 /* Pack_3_12.GIF in Resources */,
				3ED59B312452CB0F00D63341 /* Pack_4_7.GIF in Resources */,
				3ED59ABD2452CB0D00D63341 /* Pack_1_17.GIF in Resources */,
				3EDB2F91244EA42F00C6F2A9 /* Main.storyboard in Resources */,
				3ED59B052452CB0E00D63341 /* Pack_5_1.GIF in Resources */,
				3ED59ACF2452CB0D00D63341 /* Pack_2_1.PNG in Resources */,
				3ED59A9F2452CB0C00D63341 /* Pack_1_22.GIF in Resources */,
				3ED59B372452CB0F00D63341 /* Pack_3_18.GIF in Resources */,
				3ED59B4F2452CB1000D63341 /* Pack_3_10.GIF in Resources */,
				3ED59AEF2452CB0E00D63341 /* Pack_5_21.GIF in Resources */,
				3ED59B012452CB0E00D63341 /* Pack_5_3.GIF in Resources */,
				3ED59ABF2452CB0D00D63341 /* Pack_2_6.PNG in Resources */,
				3ED59AD72452CB0D00D63341 /* Pack_2_19.PNG in Resources */,
				3ED59AB12452CB0C00D63341 /* Pack_1_15.GIF in Resources */,
				3ED59B512452CB1000D63341 /* Pack_3_2.GIF in Resources */,
				3ED59AF52452CB0E00D63341 /* Pack_5_23.GIF in Resources */,
				3ED59B412452CB1000D63341 /* Pack_3_4.GIF in Resources */,
				3ED59A932452CB0C00D63341 /* Pack_1_18.GIF in Resources */,
				3ED59AAB2452CB0C00D63341 /* Pack_1_4.GIF in Resources */,
				3ED59B2F2452CB0F00D63341 /* Pack_4_6.GIF in Resources */,
				3ED59ACD2452CB0D00D63341 /* Pack_2_4.PNG in Resources */,
				3ED59AA32452CB0C00D63341 /* Pack_1_7.GIF in Resources */,
				3ED59B492452CB1000D63341 /* Pack_3_14.GIF in Resources */,
				3ED59ABB2452CB0D00D63341 /* Pack_1_3.GIF in Resources */,
				3ED59B0F2452CB0F00D63341 /* Pack_5_14.GIF in Resources */,
				3ED59B1F2452CB0F00D63341 /* Pack_4_9.GIF in Resources */,
				3ED59AEB2452CB0E00D63341 /* Pack_2_11.PNG in Resources */,
				3ED59AB32452CB0C00D63341 /* Pack_1_1.GIF in Resources */,
				3ED59B2D2452CB0F00D63341 /* Pack_4_2.GIF in Resources */,
				3ED59B112452CB0F00D63341 /* Pack_5_15.GIF in Resources */,
				3ED59B1D2452CB0F00D63341 /* Pack_5_10.GIF in Resources */,
				3ED59B072452CB0E00D63341 /* Pack_5_5.GIF in Resources */,
				3ED59A972452CB0C00D63341 /* Pack_1_8.GIF in Resources */,
				3ED59AF32452CB0E00D63341 /* Pack_5_22.GIF in Resources */,
				3ED59B4B2452CB1000D63341 /* Pack_3_7.GIF in Resources */,
				3ED59AA12452CB0C00D63341 /* Pack_1_13.GIF in Resources */,
				3ED59B552452CB1000D63341 /* Pack_3_13.GIF in Resources */,
				3ED59B432452CB1000D63341 /* Pack_3_17.GIF in Resources */,
				3ED59AC12452CB0D00D63341 /* Pack_2_21.PNG in Resources */,
				3ED59A912452CB0C00D63341 /* Pack_1_24.GIF in Resources */,
				3ED59AB72452CB0C00D63341 /* Pack_1_16.GIF in Resources */,
				3ED59AC52452CB0D00D63341 /* Pack_2_7.PNG in Resources */,
				3ED59B2B2452CB0F00D63341 /* Pack_4_3.GIF in Resources */,
				3ED59A9D2452CB0C00D63341 /* Pack_1_23.GIF in Resources */,
			);
			runOnlyForDeploymentPostprocessing = 0;
		};
/* End PBXResourcesBuildPhase section */

/* Begin PBXShellScriptBuildPhase section */
		2AA642F461B6D9C372419FEB /* [CP] Check Pods Manifest.lock */ = {
			isa = PBXShellScriptBuildPhase;
			buildActionMask = 2147483647;
			files = (
			);
			inputFileListPaths = (
			);
			inputPaths = (
				"${PODS_PODFILE_DIR_PATH}/Podfile.lock",
				"${PODS_ROOT}/Manifest.lock",
			);
			name = "[CP] Check Pods Manifest.lock";
			outputFileListPaths = (
			);
			outputPaths = (
				"$(DERIVED_FILE_DIR)/Pods-Cute-T Stickers iMessage Extension-checkManifestLockResult.txt",
			);
			runOnlyForDeploymentPostprocessing = 0;
			shellPath = /bin/sh;
			shellScript = "diff \"${PODS_PODFILE_DIR_PATH}/Podfile.lock\" \"${PODS_ROOT}/Manifest.lock\" > /dev/null\nif [ $? != 0 ] ; then\n    # print error to STDERR\n    echo \"error: The sandbox is not in sync with the Podfile.lock. Run 'pod install' or update your CocoaPods installation.\" >&2\n    exit 1\nfi\n# This output is used by Xcode 'outputs' to avoid re-running this script phase.\necho \"SUCCESS\" > \"${SCRIPT_OUTPUT_FILE_0}\"\n";
			showEnvVarsInLog = 0;
		};
		36F716A5546AE28BE290D2C1 /* [CP] Check Pods Manifest.lock */ = {
			isa = PBXShellScriptBuildPhase;
			buildActionMask = 2147483647;
			files = (
			);
			inputFileListPaths = (
			);
			inputPaths = (
				"${PODS_PODFILE_DIR_PATH}/Podfile.lock",
				"${PODS_ROOT}/Manifest.lock",
			);
			name = "[CP] Check Pods Manifest.lock";
			outputFileListPaths = (
			);
			outputPaths = (
				"$(DERIVED_FILE_DIR)/Pods-Cute-T Stickers-checkManifestLockResult.txt",
			);
			runOnlyForDeploymentPostprocessing = 0;
			shellPath = /bin/sh;
			shellScript = "diff \"${PODS_PODFILE_DIR_PATH}/Podfile.lock\" \"${PODS_ROOT}/Manifest.lock\" > /dev/null\nif [ $? != 0 ] ; then\n    # print error to STDERR\n    echo \"error: The sandbox is not in sync with the Podfile.lock. Run 'pod install' or update your CocoaPods installation.\" >&2\n    exit 1\nfi\n# This output is used by Xcode 'outputs' to avoid re-running this script phase.\necho \"SUCCESS\" > \"${SCRIPT_OUTPUT_FILE_0}\"\n";
			showEnvVarsInLog = 0;
		};
		F6B7F79ED2351DDF7CE58C8A /* [CP] Embed Pods Frameworks */ = {
			isa = PBXShellScriptBuildPhase;
			buildActionMask = 2147483647;
			files = (
			);
			inputFileListPaths = (
				"${PODS_ROOT}/Target Support Files/Pods-Cute-T Stickers/Pods-Cute-T Stickers-frameworks-${CONFIGURATION}-input-files.xcfilelist",
			);
			name = "[CP] Embed Pods Frameworks";
			outputFileListPaths = (
				"${PODS_ROOT}/Target Support Files/Pods-Cute-T Stickers/Pods-Cute-T Stickers-frameworks-${CONFIGURATION}-output-files.xcfilelist",
			);
			runOnlyForDeploymentPostprocessing = 0;
			shellPath = /bin/sh;
			shellScript = "\"${PODS_ROOT}/Target Support Files/Pods-Cute-T Stickers/Pods-Cute-T Stickers-frameworks.sh\"\n";
			showEnvVarsInLog = 0;
		};
/* End PBXShellScriptBuildPhase section */

/* Begin PBXSourcesBuildPhase section */
		3ED598BB2452920900D63341 /* Sources */ = {
			isa = PBXSourcesBuildPhase;
			buildActionMask = 2147483647;
			files = (
				3ED598C42452920900D63341 /* MessagesViewController.swift in Sources */,
				3ED598D22452BC6300D63341 /* StickerCell.swift in Sources */,
			);
			runOnlyForDeploymentPostprocessing = 0;
		};
		3EDB2F82244EA42E00C6F2A9 /* Sources */ = {
			isa = PBXSourcesBuildPhase;
			buildActionMask = 2147483647;
			files = (
				3EDB2FA4244EAEED00C6F2A9 /* NewPackViewController.swift in Sources */,
				3EDB2FA2244EAEB400C6F2A9 /* PopUpViewController.swift in Sources */,
				3EDB2F8A244EA42E00C6F2A9 /* AppDelegate.swift in Sources */,
				3EDB2F8C244EA42E00C6F2A9 /* SceneDelegate.swift in Sources */,
				3EDB2F9E244EADDC00C6F2A9 /* HomeViewController.swift in Sources */,
				3E85681E245163D400D656D4 /* StickerCell.swift in Sources */,
				3EDB2FA0244EAE2C00C6F2A9 /* DetailViewController.swift in Sources */,
			);
			runOnlyForDeploymentPostprocessing = 0;
		};
/* End PBXSourcesBuildPhase section */

/* Begin PBXTargetDependency section */
		3ED598CC2452922C00D63341 /* PBXTargetDependency */ = {
			isa = PBXTargetDependency;
			target = 3ED598BE2452920900D63341 /* Cute-T Stickers iMessage Extension */;
			targetProxy = 3ED598CB2452922C00D63341 /* PBXContainerItemProxy */;
		};
/* End PBXTargetDependency section */

/* Begin PBXVariantGroup section */
		3ED598C52452920900D63341 /* MainInterface.storyboard */ = {
			isa = PBXVariantGroup;
			children = (
				3ED598C62452920900D63341 /* Base */,
			);
			name = MainInterface.storyboard;
			sourceTree = "<group>";
		};
		3EDB2F8F244EA42F00C6F2A9 /* Main.storyboard */ = {
			isa = PBXVariantGroup;
			children = (
				3EDB2F90244EA42F00C6F2A9 /* Base */,
			);
			name = Main.storyboard;
			sourceTree = "<group>";
		};
		3EDB2F94244EA47600C6F2A9 /* LaunchScreen.storyboard */ = {
			isa = PBXVariantGroup;
			children = (
				3EDB2F95244EA47600C6F2A9 /* Base */,
			);
			name = LaunchScreen.storyboard;
			sourceTree = "<group>";
		};
/* End PBXVariantGroup section */

/* Begin XCBuildConfiguration section */
		3ED598CF2452922D00D63341 /* Debug */ = {
			isa = XCBuildConfiguration;
			baseConfigurationReference = 26CFDD147C4F2B1EBD954239 /* Pods-Cute-T Stickers iMessage Extension.debug.xcconfig */;
			buildSettings = {
				ASSETCATALOG_COMPILER_APPICON_NAME = AppIcon;
				CODE_SIGN_STYLE = Automatic;
				INFOPLIST_FILE = "Cute-T Stickers iMessage Extension/Info.plist";
				LD_RUNPATH_SEARCH_PATHS = (
					"$(inherited)",
					"@executable_path/Frameworks",
					"@executable_path/../../Frameworks",
				);
				PRODUCT_BUNDLE_IDENTIFIER = "com.oss.Cute-T-Stickers.iMessage-Extension";
				PRODUCT_NAME = "Cute-T Stickers Pack";
				SKIP_INSTALL = YES;
				SWIFT_VERSION = 5.0;
				TARGETED_DEVICE_FAMILY = "1,2";
			};
			name = Debug;
		};
		3ED598D02452922D00D63341 /* Release */ = {
			isa = XCBuildConfiguration;
			baseConfigurationReference = 050CC4EA5D83BD3C2C7B6A0B /* Pods-Cute-T Stickers iMessage Extension.release.xcconfig */;
			buildSettings = {
				ASSETCATALOG_COMPILER_APPICON_NAME = AppIcon;
				CODE_SIGN_STYLE = Automatic;
				INFOPLIST_FILE = "Cute-T Stickers iMessage Extension/Info.plist";
				LD_RUNPATH_SEARCH_PATHS = (
					"$(inherited)",
					"@executable_path/Frameworks",
					"@executable_path/../../Frameworks",
				);
				PRODUCT_BUNDLE_IDENTIFIER = "com.oss.Cute-T-Stickers.iMessage-Extension";
				PRODUCT_NAME = "Cute-T Stickers Pack";
				SKIP_INSTALL = YES;
				SWIFT_VERSION = 5.0;
				TARGETED_DEVICE_FAMILY = "1,2";
			};
			name = Release;
		};
		3EDB2F98244EA47600C6F2A9 /* Debug */ = {
			isa = XCBuildConfiguration;
			buildSettings = {
				ALWAYS_SEARCH_USER_PATHS = NO;
				CLANG_ANALYZER_NONNULL = YES;
				CLANG_ANALYZER_NUMBER_OBJECT_CONVERSION = YES_AGGRESSIVE;
				CLANG_CXX_LANGUAGE_STANDARD = "gnu++14";
				CLANG_CXX_LIBRARY = "libc++";
				CLANG_ENABLE_MODULES = YES;
				CLANG_ENABLE_OBJC_ARC = YES;
				CLANG_ENABLE_OBJC_WEAK = YES;
				CLANG_WARN_BLOCK_CAPTURE_AUTORELEASING = YES;
				CLANG_WARN_BOOL_CONVERSION = YES;
				CLANG_WARN_COMMA = YES;
				CLANG_WARN_CONSTANT_CONVERSION = YES;
				CLANG_WARN_DEPRECATED_OBJC_IMPLEMENTATIONS = YES;
				CLANG_WARN_DIRECT_OBJC_ISA_USAGE = YES_ERROR;
				CLANG_WARN_DOCUMENTATION_COMMENTS = YES;
				CLANG_WARN_EMPTY_BODY = YES;
				CLANG_WARN_ENUM_CONVERSION = YES;
				CLANG_WARN_INFINITE_RECURSION = YES;
				CLANG_WARN_INT_CONVERSION = YES;
				CLANG_WARN_NON_LITERAL_NULL_CONVERSION = YES;
				CLANG_WARN_OBJC_IMPLICIT_RETAIN_SELF = YES;
				CLANG_WARN_OBJC_LITERAL_CONVERSION = YES;
				CLANG_WARN_OBJC_ROOT_CLASS = YES_ERROR;
				CLANG_WARN_RANGE_LOOP_ANALYSIS = YES;
				CLANG_WARN_STRICT_PROTOTYPES = YES;
				CLANG_WARN_SUSPICIOUS_MOVE = YES;
				CLANG_WARN_UNGUARDED_AVAILABILITY = YES_AGGRESSIVE;
				CLANG_WARN_UNREACHABLE_CODE = YES;
				CLANG_WARN__DUPLICATE_METHOD_MATCH = YES;
				COPY_PHASE_STRIP = NO;
				DEBUG_INFORMATION_FORMAT = dwarf;
				ENABLE_STRICT_OBJC_MSGSEND = YES;
				ENABLE_TESTABILITY = YES;
				GCC_C_LANGUAGE_STANDARD = gnu11;
				GCC_DYNAMIC_NO_PIC = NO;
				GCC_NO_COMMON_BLOCKS = YES;
				GCC_OPTIMIZATION_LEVEL = 0;
				GCC_PREPROCESSOR_DEFINITIONS = (
					"DEBUG=1",
					"$(inherited)",
				);
				GCC_WARN_64_TO_32_BIT_CONVERSION = YES;
				GCC_WARN_ABOUT_RETURN_TYPE = YES_ERROR;
				GCC_WARN_UNDECLARED_SELECTOR = YES;
				GCC_WARN_UNINITIALIZED_AUTOS = YES_AGGRESSIVE;
				GCC_WARN_UNUSED_FUNCTION = YES;
				GCC_WARN_UNUSED_VARIABLE = YES;
				IPHONEOS_DEPLOYMENT_TARGET = 13.2;
				MTL_ENABLE_DEBUG_INFO = INCLUDE_SOURCE;
				MTL_FAST_MATH = YES;
				ONLY_ACTIVE_ARCH = YES;
				SDKROOT = iphoneos;
				SWIFT_ACTIVE_COMPILATION_CONDITIONS = DEBUG;
				SWIFT_OPTIMIZATION_LEVEL = "-Onone";
			};
			name = Debug;
		};
		3EDB2F99244EA47600C6F2A9 /* Release */ = {
			isa = XCBuildConfiguration;
			buildSettings = {
				ALWAYS_SEARCH_USER_PATHS = NO;
				CLANG_ANALYZER_NONNULL = YES;
				CLANG_ANALYZER_NUMBER_OBJECT_CONVERSION = YES_AGGRESSIVE;
				CLANG_CXX_LANGUAGE_STANDARD = "gnu++14";
				CLANG_CXX_LIBRARY = "libc++";
				CLANG_ENABLE_MODULES = YES;
				CLANG_ENABLE_OBJC_ARC = YES;
				CLANG_ENABLE_OBJC_WEAK = YES;
				CLANG_WARN_BLOCK_CAPTURE_AUTORELEASING = YES;
				CLANG_WARN_BOOL_CONVERSION = YES;
				CLANG_WARN_COMMA = YES;
				CLANG_WARN_CONSTANT_CONVERSION = YES;
				CLANG_WARN_DEPRECATED_OBJC_IMPLEMENTATIONS = YES;
				CLANG_WARN_DIRECT_OBJC_ISA_USAGE = YES_ERROR;
				CLANG_WARN_DOCUMENTATION_COMMENTS = YES;
				CLANG_WARN_EMPTY_BODY = YES;
				CLANG_WARN_ENUM_CONVERSION = YES;
				CLANG_WARN_INFINITE_RECURSION = YES;
				CLANG_WARN_INT_CONVERSION = YES;
				CLANG_WARN_NON_LITERAL_NULL_CONVERSION = YES;
				CLANG_WARN_OBJC_IMPLICIT_RETAIN_SELF = YES;
				CLANG_WARN_OBJC_LITERAL_CONVERSION = YES;
				CLANG_WARN_OBJC_ROOT_CLASS = YES_ERROR;
				CLANG_WARN_RANGE_LOOP_ANALYSIS = YES;
				CLANG_WARN_STRICT_PROTOTYPES = YES;
				CLANG_WARN_SUSPICIOUS_MOVE = YES;
				CLANG_WARN_UNGUARDED_AVAILABILITY = YES_AGGRESSIVE;
				CLANG_WARN_UNREACHABLE_CODE = YES;
				CLANG_WARN__DUPLICATE_METHOD_MATCH = YES;
				COPY_PHASE_STRIP = NO;
				DEBUG_INFORMATION_FORMAT = "dwarf-with-dsym";
				ENABLE_NS_ASSERTIONS = NO;
				ENABLE_STRICT_OBJC_MSGSEND = YES;
				GCC_C_LANGUAGE_STANDARD = gnu11;
				GCC_NO_COMMON_BLOCKS = YES;
				GCC_WARN_64_TO_32_BIT_CONVERSION = YES;
				GCC_WARN_ABOUT_RETURN_TYPE = YES_ERROR;
				GCC_WARN_UNDECLARED_SELECTOR = YES;
				GCC_WARN_UNINITIALIZED_AUTOS = YES_AGGRESSIVE;
				GCC_WARN_UNUSED_FUNCTION = YES;
				GCC_WARN_UNUSED_VARIABLE = YES;
				IPHONEOS_DEPLOYMENT_TARGET = 13.2;
				MTL_ENABLE_DEBUG_INFO = NO;
				MTL_FAST_MATH = YES;
				SDKROOT = iphoneos;
				SWIFT_COMPILATION_MODE = wholemodule;
				SWIFT_OPTIMIZATION_LEVEL = "-O";
				VALIDATE_PRODUCT = YES;
			};
			name = Release;
		};
		3EDB2F9B244EA47600C6F2A9 /* Debug */ = {
			isa = XCBuildConfiguration;
			baseConfigurationReference = 6435E6C0816BBBF945EACF85 /* Pods-Cute-T Stickers.debug.xcconfig */;
			buildSettings = {
				ALWAYS_EMBED_SWIFT_STANDARD_LIBRARIES = YES;
				ASSETCATALOG_COMPILER_APPICON_NAME = AppIcon;
				CODE_SIGN_STYLE = Automatic;
				INFOPLIST_FILE = "Cute-T Stickers/Info.plist";
				LD_RUNPATH_SEARCH_PATHS = (
					"$(inherited)",
					"@executable_path/Frameworks",
				);
				PRODUCT_BUNDLE_IDENTIFIER = "com.oss.Cute-T-Stickers";
				PRODUCT_NAME = "$(TARGET_NAME)";
				SWIFT_VERSION = 5.0;
				TARGETED_DEVICE_FAMILY = "1,2";
			};
			name = Debug;
		};
		3EDB2F9C244EA47600C6F2A9 /* Release */ = {
			isa = XCBuildConfiguration;
			baseConfigurationReference = 1AD3CBD256F6DAA47C0BFC64 /* Pods-Cute-T Stickers.release.xcconfig */;
			buildSettings = {
				ALWAYS_EMBED_SWIFT_STANDARD_LIBRARIES = YES;
				ASSETCATALOG_COMPILER_APPICON_NAME = AppIcon;
				CODE_SIGN_STYLE = Automatic;
				INFOPLIST_FILE = "Cute-T Stickers/Info.plist";
				LD_RUNPATH_SEARCH_PATHS = (
					"$(inherited)",
					"@executable_path/Frameworks",
				);
				PRODUCT_BUNDLE_IDENTIFIER = "com.oss.Cute-T-Stickers";
				PRODUCT_NAME = "$(TARGET_NAME)";
				SWIFT_VERSION = 5.0;
				TARGETED_DEVICE_FAMILY = "1,2";
			};
			name = Release;
		};
/* End XCBuildConfiguration section */

/* Begin XCConfigurationList section */
		3ED598D12452922D00D63341 /* Build configuration list for PBXNativeTarget "Cute-T Stickers iMessage Extension" */ = {
			isa = XCConfigurationList;
			buildConfigurations = (
				3ED598CF2452922D00D63341 /* Debug */,
				3ED598D02452922D00D63341 /* Release */,
			);
			defaultConfigurationIsVisible = 0;
			defaultConfigurationName = Release;
		};
		3EDB2F81244EA42D00C6F2A9 /* Build configuration list for PBXProject "Cute-T Stickers" */ = {
			isa = XCConfigurationList;
			buildConfigurations = (
				3EDB2F98244EA47600C6F2A9 /* Debug */,
				3EDB2F99244EA47600C6F2A9 /* Release */,
			);
			defaultConfigurationIsVisible = 0;
			defaultConfigurationName = Release;
		};
		3EDB2F9A244EA47600C6F2A9 /* Build configuration list for PBXNativeTarget "Cute-T Stickers" */ = {
			isa = XCConfigurationList;
			buildConfigurations = (
				3EDB2F9B244EA47600C6F2A9 /* Debug */,
				3EDB2F9C244EA47600C6F2A9 /* Release */,
			);
			defaultConfigurationIsVisible = 0;
			defaultConfigurationName = Release;
		};
/* End XCConfigurationList section */
	};
	rootObject = 3EDB2F7E244EA42D00C6F2A9 /* Project object */;
}
